// !$*UTF8*$!
{
	archiveVersion = 1;
	classes = {
	};
	objectVersion = 46;
	objects = {

/* Begin PBXBuildFile section */
		5C497F69B15B807CB0EEF8D6 /* libPods-XYB.a in Frameworks */ = {isa = PBXBuildFile; fileRef = DDC81BD48959B3A222103CDC /* libPods-XYB.a */; };
		A475A53B1D439E0100DAFC37 /* XYBIndexVC.m in Sources */ = {isa = PBXBuildFile; fileRef = A475A53A1D439E0100DAFC37 /* XYBIndexVC.m */; };
		A475A53E1D439E2700DAFC37 /* XYBSignVC.m in Sources */ = {isa = PBXBuildFile; fileRef = A475A53D1D439E2700DAFC37 /* XYBSignVC.m */; };
		A475A5411D439E3B00DAFC37 /* XYBNewVC.m in Sources */ = {isa = PBXBuildFile; fileRef = A475A5401D439E3B00DAFC37 /* XYBNewVC.m */; };
		A475A5441D439E7400DAFC37 /* XYBChatVC.m in Sources */ = {isa = PBXBuildFile; fileRef = A475A5431D439E7400DAFC37 /* XYBChatVC.m */; };
		A475A5471D439E8200DAFC37 /* XYBMeVC.m in Sources */ = {isa = PBXBuildFile; fileRef = A475A5461D439E8200DAFC37 /* XYBMeVC.m */; };
		A475A5581D43A3BE00DAFC37 /* refresh10@2x.tiff in Resources */ = {isa = PBXBuildFile; fileRef = A475A54A1D43A3BE00DAFC37 /* refresh10@2x.tiff */; };
		A475A5591D43A3BE00DAFC37 /* refresh11@2x.tiff in Resources */ = {isa = PBXBuildFile; fileRef = A475A54B1D43A3BE00DAFC37 /* refresh11@2x.tiff */; };
		A475A55A1D43A3BE00DAFC37 /* refresh12@2x.tiff in Resources */ = {isa = PBXBuildFile; fileRef = A475A54C1D43A3BE00DAFC37 /* refresh12@2x.tiff */; };
		A475A55B1D43A3BE00DAFC37 /* refresh1@2x.tiff in Resources */ = {isa = PBXBuildFile; fileRef = A475A54D1D43A3BE00DAFC37 /* refresh1@2x.tiff */; };
		A475A55C1D43A3BE00DAFC37 /* refresh2@2x.tiff in Resources */ = {isa = PBXBuildFile; fileRef = A475A54E1D43A3BE00DAFC37 /* refresh2@2x.tiff */; };
		A475A55D1D43A3BE00DAFC37 /* refresh3@2x.tiff in Resources */ = {isa = PBXBuildFile; fileRef = A475A54F1D43A3BE00DAFC37 /* refresh3@2x.tiff */; };
		A475A55E1D43A3BE00DAFC37 /* refresh4@2x.tiff in Resources */ = {isa = PBXBuildFile; fileRef = A475A5501D43A3BE00DAFC37 /* refresh4@2x.tiff */; };
		A475A55F1D43A3BE00DAFC37 /* refresh5@2x.tiff in Resources */ = {isa = PBXBuildFile; fileRef = A475A5511D43A3BE00DAFC37 /* refresh5@2x.tiff */; };
		A475A5601D43A3BE00DAFC37 /* refresh6@2x.tiff in Resources */ = {isa = PBXBuildFile; fileRef = A475A5521D43A3BE00DAFC37 /* refresh6@2x.tiff */; };
		A475A5611D43A3BE00DAFC37 /* refresh7@2x.tiff in Resources */ = {isa = PBXBuildFile; fileRef = A475A5531D43A3BE00DAFC37 /* refresh7@2x.tiff */; };
		A475A5621D43A3BE00DAFC37 /* refresh8@2x.tiff in Resources */ = {isa = PBXBuildFile; fileRef = A475A5541D43A3BE00DAFC37 /* refresh8@2x.tiff */; };
		A475A5631D43A3BE00DAFC37 /* refresh9@2x.tiff in Resources */ = {isa = PBXBuildFile; fileRef = A475A5551D43A3BE00DAFC37 /* refresh9@2x.tiff */; };
		A475A5641D43A3BE00DAFC37 /* XZRefreshGifHeader.m in Sources */ = {isa = PBXBuildFile; fileRef = A475A5571D43A3BE00DAFC37 /* XZRefreshGifHeader.m */; };
		A49318311D4382D700DB8D03 /* XYBMain.storyboard in Resources */ = {isa = PBXBuildFile; fileRef = A49318301D4382D700DB8D03 /* XYBMain.storyboard */; };
		A49318341D4383A000DB8D03 /* XYBTabBarVC.m in Sources */ = {isa = PBXBuildFile; fileRef = A49318331D4383A000DB8D03 /* XYBTabBarVC.m */; };
		A4EDF1681D4342BF003FA655 /* main.m in Sources */ = {isa = PBXBuildFile; fileRef = A4EDF1671D4342BF003FA655 /* main.m */; };
		A4EDF16B1D4342BF003FA655 /* AppDelegate.m in Sources */ = {isa = PBXBuildFile; fileRef = A4EDF16A1D4342BF003FA655 /* AppDelegate.m */; };
		A4EDF1731D4342BF003FA655 /* Assets.xcassets in Resources */ = {isa = PBXBuildFile; fileRef = A4EDF1721D4342BF003FA655 /* Assets.xcassets */; };
		A4EDF1761D4342BF003FA655 /* LaunchScreen.storyboard in Resources */ = {isa = PBXBuildFile; fileRef = A4EDF1741D4342BF003FA655 /* LaunchScreen.storyboard */; };
		A4EDF1811D4342BF003FA655 /* XYBTests.m in Sources */ = {isa = PBXBuildFile; fileRef = A4EDF1801D4342BF003FA655 /* XYBTests.m */; };
		A4EDF18C1D4342BF003FA655 /* XYBUITests.m in Sources */ = {isa = PBXBuildFile; fileRef = A4EDF18B1D4342BF003FA655 /* XYBUITests.m */; };
		A4EDF1D71D43499B003FA655 /* FMDatabase.m in Sources */ = {isa = PBXBuildFile; fileRef = A4EDF1B71D43499B003FA655 /* FMDatabase.m */; };
		A4EDF1D81D43499B003FA655 /* FMDatabaseAdditions.m in Sources */ = {isa = PBXBuildFile; fileRef = A4EDF1B91D43499B003FA655 /* FMDatabaseAdditions.m */; };
		A4EDF1D91D43499B003FA655 /* FMDatabasePool.m in Sources */ = {isa = PBXBuildFile; fileRef = A4EDF1BB1D43499B003FA655 /* FMDatabasePool.m */; };
		A4EDF1DA1D43499B003FA655 /* FMDatabaseQueue.m in Sources */ = {isa = PBXBuildFile; fileRef = A4EDF1BD1D43499B003FA655 /* FMDatabaseQueue.m */; };
		A4EDF1DB1D43499B003FA655 /* FMResultSet.m in Sources */ = {isa = PBXBuildFile; fileRef = A4EDF1C01D43499B003FA655 /* FMResultSet.m */; };
		A4EDF1DC1D43499B003FA655 /* README.markdown in Sources */ = {isa = PBXBuildFile; fileRef = A4EDF1C11D43499B003FA655 /* README.markdown */; };
		A4EDF1DD1D43499B003FA655 /* FMDTContext.m in Sources */ = {isa = PBXBuildFile; fileRef = A4EDF1C41D43499B003FA655 /* FMDTContext.m */; };
		A4EDF1DE1D43499B003FA655 /* FMDTDeleteCommand.m in Sources */ = {isa = PBXBuildFile; fileRef = A4EDF1C61D43499B003FA655 /* FMDTDeleteCommand.m */; };
		A4EDF1DF1D43499B003FA655 /* FMDTInsertCommand.m in Sources */ = {isa = PBXBuildFile; fileRef = A4EDF1C81D43499B003FA655 /* FMDTInsertCommand.m */; };
		A4EDF1E01D43499B003FA655 /* FMDTManager.m in Sources */ = {isa = PBXBuildFile; fileRef = A4EDF1CA1D43499B003FA655 /* FMDTManager.m */; };
		A4EDF1E11D43499B003FA655 /* FMDTObject.m in Sources */ = {isa = PBXBuildFile; fileRef = A4EDF1CC1D43499B003FA655 /* FMDTObject.m */; };
		A4EDF1E21D43499B003FA655 /* FMDTSchema.m in Sources */ = {isa = PBXBuildFile; fileRef = A4EDF1CE1D43499B003FA655 /* FMDTSchema.m */; };
		A4EDF1E31D43499B003FA655 /* FMDTSelectCommand.m in Sources */ = {isa = PBXBuildFile; fileRef = A4EDF1D01D43499B003FA655 /* FMDTSelectCommand.m */; };
		A4EDF1E41D43499B003FA655 /* FMDTUpdateCommand.m in Sources */ = {isa = PBXBuildFile; fileRef = A4EDF1D21D43499B003FA655 /* FMDTUpdateCommand.m */; };
		A4EDF1E51D43499B003FA655 /* FMDTUpdateObjectCommand.m in Sources */ = {isa = PBXBuildFile; fileRef = A4EDF1D41D43499B003FA655 /* FMDTUpdateObjectCommand.m */; };
		A4EDF1E61D43499B003FA655 /* NSObject+runtime.m in Sources */ = {isa = PBXBuildFile; fileRef = A4EDF1D61D43499B003FA655 /* NSObject+runtime.m */; };
		A4EDF2021D434EFB003FA655 /* libsqlite3.tbd in Frameworks */ = {isa = PBXBuildFile; fileRef = A4EDF2011D434EFB003FA655 /* libsqlite3.tbd */; };
		A4EDF20A1D434F56003FA655 /* Reachability.m in Sources */ = {isa = PBXBuildFile; fileRef = A4EDF2091D434F56003FA655 /* Reachability.m */; };
		A4EDF21A1D434F9E003FA655 /* MBProgressHUD+HM.m in Sources */ = {isa = PBXBuildFile; fileRef = A4EDF2161D434F9E003FA655 /* MBProgressHUD+HM.m */; };
		A4EDF21B1D434F9E003FA655 /* MBProgressHUD.bundle in Resources */ = {isa = PBXBuildFile; fileRef = A4EDF2171D434F9E003FA655 /* MBProgressHUD.bundle */; };
		A4EDF21C1D434F9E003FA655 /* MBProgressHUD.m in Sources */ = {isa = PBXBuildFile; fileRef = A4EDF2191D434F9E003FA655 /* MBProgressHUD.m */; };
		A4EDF24A1D434FA7003FA655 /* MJRefreshAutoFooter.m in Sources */ = {isa = PBXBuildFile; fileRef = A4EDF2201D434FA7003FA655 /* MJRefreshAutoFooter.m */; };
		A4EDF24B1D434FA7003FA655 /* MJRefreshBackFooter.m in Sources */ = {isa = PBXBuildFile; fileRef = A4EDF2221D434FA7003FA655 /* MJRefreshBackFooter.m */; };
		A4EDF24C1D434FA7003FA655 /* MJRefreshComponent.m in Sources */ = {isa = PBXBuildFile; fileRef = A4EDF2241D434FA7003FA655 /* MJRefreshComponent.m */; };
		A4EDF24D1D434FA7003FA655 /* MJRefreshFooter.m in Sources */ = {isa = PBXBuildFile; fileRef = A4EDF2261D434FA7003FA655 /* MJRefreshFooter.m */; };
		A4EDF24E1D434FA7003FA655 /* MJRefreshHeader.m in Sources */ = {isa = PBXBuildFile; fileRef = A4EDF2281D434FA7003FA655 /* MJRefreshHeader.m */; };
		A4EDF24F1D434FA7003FA655 /* MJRefreshAutoGifFooter.m in Sources */ = {isa = PBXBuildFile; fileRef = A4EDF22D1D434FA7003FA655 /* MJRefreshAutoGifFooter.m */; };
		A4EDF2501D434FA7003FA655 /* MJRefreshAutoNormalFooter.m in Sources */ = {isa = PBXBuildFile; fileRef = A4EDF22F1D434FA7003FA655 /* MJRefreshAutoNormalFooter.m */; };
		A4EDF2511D434FA7003FA655 /* MJRefreshAutoStateFooter.m in Sources */ = {isa = PBXBuildFile; fileRef = A4EDF2311D434FA7003FA655 /* MJRefreshAutoStateFooter.m */; };
		A4EDF2521D434FA7003FA655 /* MJRefreshBackGifFooter.m in Sources */ = {isa = PBXBuildFile; fileRef = A4EDF2341D434FA7003FA655 /* MJRefreshBackGifFooter.m */; };
		A4EDF2531D434FA7003FA655 /* MJRefreshBackNormalFooter.m in Sources */ = {isa = PBXBuildFile; fileRef = A4EDF2361D434FA7003FA655 /* MJRefreshBackNormalFooter.m */; };
		A4EDF2541D434FA7003FA655 /* MJRefreshBackStateFooter.m in Sources */ = {isa = PBXBuildFile; fileRef = A4EDF2381D434FA7003FA655 /* MJRefreshBackStateFooter.m */; };
		A4EDF2551D434FA7003FA655 /* MJRefreshGifHeader.m in Sources */ = {isa = PBXBuildFile; fileRef = A4EDF23B1D434FA7003FA655 /* MJRefreshGifHeader.m */; };
		A4EDF2561D434FA7003FA655 /* MJRefreshNormalHeader.m in Sources */ = {isa = PBXBuildFile; fileRef = A4EDF23D1D434FA7003FA655 /* MJRefreshNormalHeader.m */; };
		A4EDF2571D434FA7003FA655 /* MJRefreshStateHeader.m in Sources */ = {isa = PBXBuildFile; fileRef = A4EDF23F1D434FA7003FA655 /* MJRefreshStateHeader.m */; };
		A4EDF2581D434FA7003FA655 /* MJRefresh.bundle in Resources */ = {isa = PBXBuildFile; fileRef = A4EDF2401D434FA7003FA655 /* MJRefresh.bundle */; };
		A4EDF2591D434FA7003FA655 /* MJRefreshConst.m in Sources */ = {isa = PBXBuildFile; fileRef = A4EDF2431D434FA7003FA655 /* MJRefreshConst.m */; };
		A4EDF25A1D434FA7003FA655 /* UIScrollView+MJExtension.m in Sources */ = {isa = PBXBuildFile; fileRef = A4EDF2451D434FA7003FA655 /* UIScrollView+MJExtension.m */; };
		A4EDF25B1D434FA7003FA655 /* UIScrollView+MJRefresh.m in Sources */ = {isa = PBXBuildFile; fileRef = A4EDF2471D434FA7003FA655 /* UIScrollView+MJRefresh.m */; };
		A4EDF25C1D434FA7003FA655 /* UIView+MJExtension.m in Sources */ = {isa = PBXBuildFile; fileRef = A4EDF2491D434FA7003FA655 /* UIView+MJExtension.m */; };
		A4EDF2741D4352FD003FA655 /* AFHTTPRequestOperation.m in Sources */ = {isa = PBXBuildFile; fileRef = A4EDF25F1D4352FD003FA655 /* AFHTTPRequestOperation.m */; };
		A4EDF2751D4352FD003FA655 /* AFHTTPRequestOperationManager.m in Sources */ = {isa = PBXBuildFile; fileRef = A4EDF2611D4352FD003FA655 /* AFHTTPRequestOperationManager.m */; };
		A4EDF2761D4352FD003FA655 /* AFHTTPSessionManager.m in Sources */ = {isa = PBXBuildFile; fileRef = A4EDF2631D4352FD003FA655 /* AFHTTPSessionManager.m */; };
		A4EDF2771D4352FD003FA655 /* AFNetworkReachabilityManager.m in Sources */ = {isa = PBXBuildFile; fileRef = A4EDF2661D4352FD003FA655 /* AFNetworkReachabilityManager.m */; };
		A4EDF2781D4352FD003FA655 /* AFSecurityPolicy.m in Sources */ = {isa = PBXBuildFile; fileRef = A4EDF2681D4352FD003FA655 /* AFSecurityPolicy.m */; };
		A4EDF2791D4352FD003FA655 /* AFURLConnectionOperation.m in Sources */ = {isa = PBXBuildFile; fileRef = A4EDF26A1D4352FD003FA655 /* AFURLConnectionOperation.m */; };
		A4EDF27A1D4352FD003FA655 /* AFURLRequestSerialization.m in Sources */ = {isa = PBXBuildFile; fileRef = A4EDF26C1D4352FD003FA655 /* AFURLRequestSerialization.m */; };
		A4EDF27B1D4352FD003FA655 /* AFURLResponseSerialization.m in Sources */ = {isa = PBXBuildFile; fileRef = A4EDF26E1D4352FD003FA655 /* AFURLResponseSerialization.m */; };
		A4EDF27C1D4352FD003FA655 /* AFURLSessionManager.m in Sources */ = {isa = PBXBuildFile; fileRef = A4EDF2701D4352FD003FA655 /* AFURLSessionManager.m */; };
		A4EDF27D1D4352FD003FA655 /* NetRequest.m in Sources */ = {isa = PBXBuildFile; fileRef = A4EDF2731D4352FD003FA655 /* NetRequest.m */; };
/* End PBXBuildFile section */

/* Begin PBXContainerItemProxy section */
		A4EDF17D1D4342BF003FA655 /* PBXContainerItemProxy */ = {
			isa = PBXContainerItemProxy;
			containerPortal = A4EDF15B1D4342BF003FA655 /* Project object */;
			proxyType = 1;
			remoteGlobalIDString = A4EDF1621D4342BF003FA655;
			remoteInfo = XYB;
		};
		A4EDF1881D4342BF003FA655 /* PBXContainerItemProxy */ = {
			isa = PBXContainerItemProxy;
			containerPortal = A4EDF15B1D4342BF003FA655 /* Project object */;
			proxyType = 1;
			remoteGlobalIDString = A4EDF1621D4342BF003FA655;
			remoteInfo = XYB;
		};
/* End PBXContainerItemProxy section */

/* Begin PBXFileReference section */
		3B7E491D2D43BA4FEFABD4D4 /* Pods-XYB.debug.xcconfig */ = {isa = PBXFileReference; includeInIndex = 1; lastKnownFileType = text.xcconfig; name = "Pods-XYB.debug.xcconfig"; path = "Pods/Target Support Files/Pods-XYB/Pods-XYB.debug.xcconfig"; sourceTree = "<group>"; };
		A475A5391D439E0100DAFC37 /* XYBIndexVC.h */ = {isa = PBXFileReference; fileEncoding = 4; lastKnownFileType = sourcecode.c.h; path = XYBIndexVC.h; sourceTree = "<group>"; };
		A475A53A1D439E0100DAFC37 /* XYBIndexVC.m */ = {isa = PBXFileReference; fileEncoding = 4; lastKnownFileType = sourcecode.c.objc; path = XYBIndexVC.m; sourceTree = "<group>"; };
		A475A53C1D439E2700DAFC37 /* XYBSignVC.h */ = {isa = PBXFileReference; fileEncoding = 4; lastKnownFileType = sourcecode.c.h; path = XYBSignVC.h; sourceTree = "<group>"; };
		A475A53D1D439E2700DAFC37 /* XYBSignVC.m */ = {isa = PBXFileReference; fileEncoding = 4; lastKnownFileType = sourcecode.c.objc; path = XYBSignVC.m; sourceTree = "<group>"; };
		A475A53F1D439E3B00DAFC37 /* XYBNewVC.h */ = {isa = PBXFileReference; fileEncoding = 4; lastKnownFileType = sourcecode.c.h; path = XYBNewVC.h; sourceTree = "<group>"; };
		A475A5401D439E3B00DAFC37 /* XYBNewVC.m */ = {isa = PBXFileReference; fileEncoding = 4; lastKnownFileType = sourcecode.c.objc; path = XYBNewVC.m; sourceTree = "<group>"; };
		A475A5421D439E7400DAFC37 /* XYBChatVC.h */ = {isa = PBXFileReference; fileEncoding = 4; lastKnownFileType = sourcecode.c.h; path = XYBChatVC.h; sourceTree = "<group>"; };
		A475A5431D439E7400DAFC37 /* XYBChatVC.m */ = {isa = PBXFileReference; fileEncoding = 4; lastKnownFileType = sourcecode.c.objc; path = XYBChatVC.m; sourceTree = "<group>"; };
		A475A5451D439E8200DAFC37 /* XYBMeVC.h */ = {isa = PBXFileReference; fileEncoding = 4; lastKnownFileType = sourcecode.c.h; path = XYBMeVC.h; sourceTree = "<group>"; };
		A475A5461D439E8200DAFC37 /* XYBMeVC.m */ = {isa = PBXFileReference; fileEncoding = 4; lastKnownFileType = sourcecode.c.objc; path = XYBMeVC.m; sourceTree = "<group>"; };
		A475A54A1D43A3BE00DAFC37 /* refresh10@2x.tiff */ = {isa = PBXFileReference; lastKnownFileType = image.tiff; path = "refresh10@2x.tiff"; sourceTree = "<group>"; };
		A475A54B1D43A3BE00DAFC37 /* refresh11@2x.tiff */ = {isa = PBXFileReference; lastKnownFileType = image.tiff; path = "refresh11@2x.tiff"; sourceTree = "<group>"; };
		A475A54C1D43A3BE00DAFC37 /* refresh12@2x.tiff */ = {isa = PBXFileReference; lastKnownFileType = image.tiff; path = "refresh12@2x.tiff"; sourceTree = "<group>"; };
		A475A54D1D43A3BE00DAFC37 /* refresh1@2x.tiff */ = {isa = PBXFileReference; lastKnownFileType = image.tiff; path = "refresh1@2x.tiff"; sourceTree = "<group>"; };
		A475A54E1D43A3BE00DAFC37 /* refresh2@2x.tiff */ = {isa = PBXFileReference; lastKnownFileType = image.tiff; path = "refresh2@2x.tiff"; sourceTree = "<group>"; };
		A475A54F1D43A3BE00DAFC37 /* refresh3@2x.tiff */ = {isa = PBXFileReference; lastKnownFileType = image.tiff; path = "refresh3@2x.tiff"; sourceTree = "<group>"; };
		A475A5501D43A3BE00DAFC37 /* refresh4@2x.tiff */ = {isa = PBXFileReference; lastKnownFileType = image.tiff; path = "refresh4@2x.tiff"; sourceTree = "<group>"; };
		A475A5511D43A3BE00DAFC37 /* refresh5@2x.tiff */ = {isa = PBXFileReference; lastKnownFileType = image.tiff; path = "refresh5@2x.tiff"; sourceTree = "<group>"; };
		A475A5521D43A3BE00DAFC37 /* refresh6@2x.tiff */ = {isa = PBXFileReference; lastKnownFileType = image.tiff; path = "refresh6@2x.tiff"; sourceTree = "<group>"; };
		A475A5531D43A3BE00DAFC37 /* refresh7@2x.tiff */ = {isa = PBXFileReference; lastKnownFileType = image.tiff; path = "refresh7@2x.tiff"; sourceTree = "<group>"; };
		A475A5541D43A3BE00DAFC37 /* refresh8@2x.tiff */ = {isa = PBXFileReference; lastKnownFileType = image.tiff; path = "refresh8@2x.tiff"; sourceTree = "<group>"; };
		A475A5551D43A3BE00DAFC37 /* refresh9@2x.tiff */ = {isa = PBXFileReference; lastKnownFileType = image.tiff; path = "refresh9@2x.tiff"; sourceTree = "<group>"; };
		A475A5561D43A3BE00DAFC37 /* XZRefreshGifHeader.h */ = {isa = PBXFileReference; fileEncoding = 4; lastKnownFileType = sourcecode.c.h; path = XZRefreshGifHeader.h; sourceTree = "<group>"; };
		A475A5571D43A3BE00DAFC37 /* XZRefreshGifHeader.m */ = {isa = PBXFileReference; fileEncoding = 4; lastKnownFileType = sourcecode.c.objc; path = XZRefreshGifHeader.m; sourceTree = "<group>"; };
		A49318301D4382D700DB8D03 /* XYBMain.storyboard */ = {isa = PBXFileReference; fileEncoding = 4; lastKnownFileType = file.storyboard; path = XYBMain.storyboard; sourceTree = "<group>"; };
		A49318321D4383A000DB8D03 /* XYBTabBarVC.h */ = {isa = PBXFileReference; fileEncoding = 4; lastKnownFileType = sourcecode.c.h; path = XYBTabBarVC.h; sourceTree = "<group>"; };
		A49318331D4383A000DB8D03 /* XYBTabBarVC.m */ = {isa = PBXFileReference; fileEncoding = 4; lastKnownFileType = sourcecode.c.objc; path = XYBTabBarVC.m; sourceTree = "<group>"; };
		A4EDF1631D4342BF003FA655 /* XYB.app */ = {isa = PBXFileReference; explicitFileType = wrapper.application; includeInIndex = 0; path = XYB.app; sourceTree = BUILT_PRODUCTS_DIR; };
		A4EDF1671D4342BF003FA655 /* main.m */ = {isa = PBXFileReference; lastKnownFileType = sourcecode.c.objc; path = main.m; sourceTree = "<group>"; };
		A4EDF1691D4342BF003FA655 /* AppDelegate.h */ = {isa = PBXFileReference; lastKnownFileType = sourcecode.c.h; path = AppDelegate.h; sourceTree = "<group>"; };
		A4EDF16A1D4342BF003FA655 /* AppDelegate.m */ = {isa = PBXFileReference; lastKnownFileType = sourcecode.c.objc; path = AppDelegate.m; sourceTree = "<group>"; };
		A4EDF1721D4342BF003FA655 /* Assets.xcassets */ = {isa = PBXFileReference; lastKnownFileType = folder.assetcatalog; name = Assets.xcassets; path = ../Assets.xcassets; sourceTree = "<group>"; };
		A4EDF1751D4342BF003FA655 /* Base */ = {isa = PBXFileReference; lastKnownFileType = file.storyboard; name = Base; path = Base.lproj/LaunchScreen.storyboard; sourceTree = "<group>"; };
		A4EDF1771D4342BF003FA655 /* Info.plist */ = {isa = PBXFileReference; lastKnownFileType = text.plist.xml; path = Info.plist; sourceTree = "<group>"; };
		A4EDF17C1D4342BF003FA655 /* XYBTests.xctest */ = {isa = PBXFileReference; explicitFileType = wrapper.cfbundle; includeInIndex = 0; path = XYBTests.xctest; sourceTree = BUILT_PRODUCTS_DIR; };
		A4EDF1801D4342BF003FA655 /* XYBTests.m */ = {isa = PBXFileReference; lastKnownFileType = sourcecode.c.objc; path = XYBTests.m; sourceTree = "<group>"; };
		A4EDF1821D4342BF003FA655 /* Info.plist */ = {isa = PBXFileReference; lastKnownFileType = text.plist.xml; path = Info.plist; sourceTree = "<group>"; };
		A4EDF1871D4342BF003FA655 /* XYBUITests.xctest */ = {isa = PBXFileReference; explicitFileType = wrapper.cfbundle; includeInIndex = 0; path = XYBUITests.xctest; sourceTree = BUILT_PRODUCTS_DIR; };
		A4EDF18B1D4342BF003FA655 /* XYBUITests.m */ = {isa = PBXFileReference; lastKnownFileType = sourcecode.c.objc; path = XYBUITests.m; sourceTree = "<group>"; };
		A4EDF18D1D4342BF003FA655 /* Info.plist */ = {isa = PBXFileReference; lastKnownFileType = text.plist.xml; path = Info.plist; sourceTree = "<group>"; };
		A4EDF1A11D43448F003FA655 /* PrefixHeader.pch */ = {isa = PBXFileReference; fileEncoding = 4; lastKnownFileType = sourcecode.c.h; path = PrefixHeader.pch; sourceTree = "<group>"; };
		A4EDF1B61D43499B003FA655 /* FMDatabase.h */ = {isa = PBXFileReference; fileEncoding = 4; lastKnownFileType = sourcecode.c.h; path = FMDatabase.h; sourceTree = "<group>"; };
		A4EDF1B71D43499B003FA655 /* FMDatabase.m */ = {isa = PBXFileReference; fileEncoding = 4; lastKnownFileType = sourcecode.c.objc; path = FMDatabase.m; sourceTree = "<group>"; };
		A4EDF1B81D43499B003FA655 /* FMDatabaseAdditions.h */ = {isa = PBXFileReference; fileEncoding = 4; lastKnownFileType = sourcecode.c.h; path = FMDatabaseAdditions.h; sourceTree = "<group>"; };
		A4EDF1B91D43499B003FA655 /* FMDatabaseAdditions.m */ = {isa = PBXFileReference; fileEncoding = 4; lastKnownFileType = sourcecode.c.objc; path = FMDatabaseAdditions.m; sourceTree = "<group>"; };
		A4EDF1BA1D43499B003FA655 /* FMDatabasePool.h */ = {isa = PBXFileReference; fileEncoding = 4; lastKnownFileType = sourcecode.c.h; path = FMDatabasePool.h; sourceTree = "<group>"; };
		A4EDF1BB1D43499B003FA655 /* FMDatabasePool.m */ = {isa = PBXFileReference; fileEncoding = 4; lastKnownFileType = sourcecode.c.objc; path = FMDatabasePool.m; sourceTree = "<group>"; };
		A4EDF1BC1D43499B003FA655 /* FMDatabaseQueue.h */ = {isa = PBXFileReference; fileEncoding = 4; lastKnownFileType = sourcecode.c.h; path = FMDatabaseQueue.h; sourceTree = "<group>"; };
		A4EDF1BD1D43499B003FA655 /* FMDatabaseQueue.m */ = {isa = PBXFileReference; fileEncoding = 4; lastKnownFileType = sourcecode.c.objc; path = FMDatabaseQueue.m; sourceTree = "<group>"; };
		A4EDF1BE1D43499B003FA655 /* FMDB.h */ = {isa = PBXFileReference; fileEncoding = 4; lastKnownFileType = sourcecode.c.h; path = FMDB.h; sourceTree = "<group>"; };
		A4EDF1BF1D43499B003FA655 /* FMResultSet.h */ = {isa = PBXFileReference; fileEncoding = 4; lastKnownFileType = sourcecode.c.h; path = FMResultSet.h; sourceTree = "<group>"; };
		A4EDF1C01D43499B003FA655 /* FMResultSet.m */ = {isa = PBXFileReference; fileEncoding = 4; lastKnownFileType = sourcecode.c.objc; path = FMResultSet.m; sourceTree = "<group>"; };
		A4EDF1C11D43499B003FA655 /* README.markdown */ = {isa = PBXFileReference; fileEncoding = 4; lastKnownFileType = net.daringfireball.markdown; path = README.markdown; sourceTree = "<group>"; };
		A4EDF1C21D43499B003FA655 /* FMDTCommand.h */ = {isa = PBXFileReference; fileEncoding = 4; lastKnownFileType = sourcecode.c.h; path = FMDTCommand.h; sourceTree = "<group>"; };
		A4EDF1C31D43499B003FA655 /* FMDTContext.h */ = {isa = PBXFileReference; fileEncoding = 4; lastKnownFileType = sourcecode.c.h; path = FMDTContext.h; sourceTree = "<group>"; };
		A4EDF1C41D43499B003FA655 /* FMDTContext.m */ = {isa = PBXFileReference; fileEncoding = 4; lastKnownFileType = sourcecode.c.objc; path = FMDTContext.m; sourceTree = "<group>"; };
		A4EDF1C51D43499B003FA655 /* FMDTDeleteCommand.h */ = {isa = PBXFileReference; fileEncoding = 4; lastKnownFileType = sourcecode.c.h; path = FMDTDeleteCommand.h; sourceTree = "<group>"; };
		A4EDF1C61D43499B003FA655 /* FMDTDeleteCommand.m */ = {isa = PBXFileReference; fileEncoding = 4; lastKnownFileType = sourcecode.c.objc; path = FMDTDeleteCommand.m; sourceTree = "<group>"; };
		A4EDF1C71D43499B003FA655 /* FMDTInsertCommand.h */ = {isa = PBXFileReference; fileEncoding = 4; lastKnownFileType = sourcecode.c.h; path = FMDTInsertCommand.h; sourceTree = "<group>"; };
		A4EDF1C81D43499B003FA655 /* FMDTInsertCommand.m */ = {isa = PBXFileReference; fileEncoding = 4; lastKnownFileType = sourcecode.c.objc; path = FMDTInsertCommand.m; sourceTree = "<group>"; };
		A4EDF1C91D43499B003FA655 /* FMDTManager.h */ = {isa = PBXFileReference; fileEncoding = 4; lastKnownFileType = sourcecode.c.h; path = FMDTManager.h; sourceTree = "<group>"; };
		A4EDF1CA1D43499B003FA655 /* FMDTManager.m */ = {isa = PBXFileReference; fileEncoding = 4; lastKnownFileType = sourcecode.c.objc; path = FMDTManager.m; sourceTree = "<group>"; };
		A4EDF1CB1D43499B003FA655 /* FMDTObject.h */ = {isa = PBXFileReference; fileEncoding = 4; lastKnownFileType = sourcecode.c.h; path = FMDTObject.h; sourceTree = "<group>"; };
		A4EDF1CC1D43499B003FA655 /* FMDTObject.m */ = {isa = PBXFileReference; fileEncoding = 4; lastKnownFileType = sourcecode.c.objc; path = FMDTObject.m; sourceTree = "<group>"; };
		A4EDF1CD1D43499B003FA655 /* FMDTSchema.h */ = {isa = PBXFileReference; fileEncoding = 4; lastKnownFileType = sourcecode.c.h; path = FMDTSchema.h; sourceTree = "<group>"; };
		A4EDF1CE1D43499B003FA655 /* FMDTSchema.m */ = {isa = PBXFileReference; fileEncoding = 4; lastKnownFileType = sourcecode.c.objc; path = FMDTSchema.m; sourceTree = "<group>"; };
		A4EDF1CF1D43499B003FA655 /* FMDTSelectCommand.h */ = {isa = PBXFileReference; fileEncoding = 4; lastKnownFileType = sourcecode.c.h; path = FMDTSelectCommand.h; sourceTree = "<group>"; };
		A4EDF1D01D43499B003FA655 /* FMDTSelectCommand.m */ = {isa = PBXFileReference; fileEncoding = 4; lastKnownFileType = sourcecode.c.objc; path = FMDTSelectCommand.m; sourceTree = "<group>"; };
		A4EDF1D11D43499B003FA655 /* FMDTUpdateCommand.h */ = {isa = PBXFileReference; fileEncoding = 4; lastKnownFileType = sourcecode.c.h; path = FMDTUpdateCommand.h; sourceTree = "<group>"; };
		A4EDF1D21D43499B003FA655 /* FMDTUpdateCommand.m */ = {isa = PBXFileReference; fileEncoding = 4; lastKnownFileType = sourcecode.c.objc; path = FMDTUpdateCommand.m; sourceTree = "<group>"; };
		A4EDF1D31D43499B003FA655 /* FMDTUpdateObjectCommand.h */ = {isa = PBXFileReference; fileEncoding = 4; lastKnownFileType = sourcecode.c.h; path = FMDTUpdateObjectCommand.h; sourceTree = "<group>"; };
		A4EDF1D41D43499B003FA655 /* FMDTUpdateObjectCommand.m */ = {isa = PBXFileReference; fileEncoding = 4; lastKnownFileType = sourcecode.c.objc; path = FMDTUpdateObjectCommand.m; sourceTree = "<group>"; };
		A4EDF1D51D43499B003FA655 /* NSObject+runtime.h */ = {isa = PBXFileReference; fileEncoding = 4; lastKnownFileType = sourcecode.c.h; path = "NSObject+runtime.h"; sourceTree = "<group>"; };
		A4EDF1D61D43499B003FA655 /* NSObject+runtime.m */ = {isa = PBXFileReference; fileEncoding = 4; lastKnownFileType = sourcecode.c.objc; path = "NSObject+runtime.m"; sourceTree = "<group>"; };
		A4EDF2011D434EFB003FA655 /* libsqlite3.tbd */ = {isa = PBXFileReference; lastKnownFileType = "sourcecode.text-based-dylib-definition"; name = libsqlite3.tbd; path = usr/lib/libsqlite3.tbd; sourceTree = SDKROOT; };
		A4EDF2081D434F56003FA655 /* Reachability.h */ = {isa = PBXFileReference; fileEncoding = 4; lastKnownFileType = sourcecode.c.h; path = Reachability.h; sourceTree = "<group>"; };
		A4EDF2091D434F56003FA655 /* Reachability.m */ = {isa = PBXFileReference; fileEncoding = 4; lastKnownFileType = sourcecode.c.objc; path = Reachability.m; sourceTree = "<group>"; };
		A4EDF2151D434F9E003FA655 /* MBProgressHUD+HM.h */ = {isa = PBXFileReference; fileEncoding = 4; lastKnownFileType = sourcecode.c.h; path = "MBProgressHUD+HM.h"; sourceTree = "<group>"; };
		A4EDF2161D434F9E003FA655 /* MBProgressHUD+HM.m */ = {isa = PBXFileReference; fileEncoding = 4; lastKnownFileType = sourcecode.c.objc; path = "MBProgressHUD+HM.m"; sourceTree = "<group>"; };
		A4EDF2171D434F9E003FA655 /* MBProgressHUD.bundle */ = {isa = PBXFileReference; lastKnownFileType = "wrapper.plug-in"; path = MBProgressHUD.bundle; sourceTree = "<group>"; };
		A4EDF2181D434F9E003FA655 /* MBProgressHUD.h */ = {isa = PBXFileReference; fileEncoding = 4; lastKnownFileType = sourcecode.c.h; path = MBProgressHUD.h; sourceTree = "<group>"; };
		A4EDF2191D434F9E003FA655 /* MBProgressHUD.m */ = {isa = PBXFileReference; fileEncoding = 4; lastKnownFileType = sourcecode.c.objc; path = MBProgressHUD.m; sourceTree = "<group>"; };
		A4EDF21F1D434FA7003FA655 /* MJRefreshAutoFooter.h */ = {isa = PBXFileReference; fileEncoding = 4; lastKnownFileType = sourcecode.c.h; path = MJRefreshAutoFooter.h; sourceTree = "<group>"; };
		A4EDF2201D434FA7003FA655 /* MJRefreshAutoFooter.m */ = {isa = PBXFileReference; fileEncoding = 4; lastKnownFileType = sourcecode.c.objc; path = MJRefreshAutoFooter.m; sourceTree = "<group>"; };
		A4EDF2211D434FA7003FA655 /* MJRefreshBackFooter.h */ = {isa = PBXFileReference; fileEncoding = 4; lastKnownFileType = sourcecode.c.h; path = MJRefreshBackFooter.h; sourceTree = "<group>"; };
		A4EDF2221D434FA7003FA655 /* MJRefreshBackFooter.m */ = {isa = PBXFileReference; fileEncoding = 4; lastKnownFileType = sourcecode.c.objc; path = MJRefreshBackFooter.m; sourceTree = "<group>"; };
		A4EDF2231D434FA7003FA655 /* MJRefreshComponent.h */ = {isa = PBXFileReference; fileEncoding = 4; lastKnownFileType = sourcecode.c.h; path = MJRefreshComponent.h; sourceTree = "<group>"; };
		A4EDF2241D434FA7003FA655 /* MJRefreshComponent.m */ = {isa = PBXFileReference; fileEncoding = 4; lastKnownFileType = sourcecode.c.objc; path = MJRefreshComponent.m; sourceTree = "<group>"; };
		A4EDF2251D434FA7003FA655 /* MJRefreshFooter.h */ = {isa = PBXFileReference; fileEncoding = 4; lastKnownFileType = sourcecode.c.h; path = MJRefreshFooter.h; sourceTree = "<group>"; };
		A4EDF2261D434FA7003FA655 /* MJRefreshFooter.m */ = {isa = PBXFileReference; fileEncoding = 4; lastKnownFileType = sourcecode.c.objc; path = MJRefreshFooter.m; sourceTree = "<group>"; };
		A4EDF2271D434FA7003FA655 /* MJRefreshHeader.h */ = {isa = PBXFileReference; fileEncoding = 4; lastKnownFileType = sourcecode.c.h; path = MJRefreshHeader.h; sourceTree = "<group>"; };
		A4EDF2281D434FA7003FA655 /* MJRefreshHeader.m */ = {isa = PBXFileReference; fileEncoding = 4; lastKnownFileType = sourcecode.c.objc; path = MJRefreshHeader.m; sourceTree = "<group>"; };
		A4EDF22C1D434FA7003FA655 /* MJRefreshAutoGifFooter.h */ = {isa = PBXFileReference; fileEncoding = 4; lastKnownFileType = sourcecode.c.h; path = MJRefreshAutoGifFooter.h; sourceTree = "<group>"; };
		A4EDF22D1D434FA7003FA655 /* MJRefreshAutoGifFooter.m */ = {isa = PBXFileReference; fileEncoding = 4; lastKnownFileType = sourcecode.c.objc; path = MJRefreshAutoGifFooter.m; sourceTree = "<group>"; };
		A4EDF22E1D434FA7003FA655 /* MJRefreshAutoNormalFooter.h */ = {isa = PBXFileReference; fileEncoding = 4; lastKnownFileType = sourcecode.c.h; path = MJRefreshAutoNormalFooter.h; sourceTree = "<group>"; };
		A4EDF22F1D434FA7003FA655 /* MJRefreshAutoNormalFooter.m */ = {isa = PBXFileReference; fileEncoding = 4; lastKnownFileType = sourcecode.c.objc; path = MJRefreshAutoNormalFooter.m; sourceTree = "<group>"; };
		A4EDF2301D434FA7003FA655 /* MJRefreshAutoStateFooter.h */ = {isa = PBXFileReference; fileEncoding = 4; lastKnownFileType = sourcecode.c.h; path = MJRefreshAutoStateFooter.h; sourceTree = "<group>"; };
		A4EDF2311D434FA7003FA655 /* MJRefreshAutoStateFooter.m */ = {isa = PBXFileReference; fileEncoding = 4; lastKnownFileType = sourcecode.c.objc; path = MJRefreshAutoStateFooter.m; sourceTree = "<group>"; };
		A4EDF2331D434FA7003FA655 /* MJRefreshBackGifFooter.h */ = {isa = PBXFileReference; fileEncoding = 4; lastKnownFileType = sourcecode.c.h; path = MJRefreshBackGifFooter.h; sourceTree = "<group>"; };
		A4EDF2341D434FA7003FA655 /* MJRefreshBackGifFooter.m */ = {isa = PBXFileReference; fileEncoding = 4; lastKnownFileType = sourcecode.c.objc; path = MJRefreshBackGifFooter.m; sourceTree = "<group>"; };
		A4EDF2351D434FA7003FA655 /* MJRefreshBackNormalFooter.h */ = {isa = PBXFileReference; fileEncoding = 4; lastKnownFileType = sourcecode.c.h; path = MJRefreshBackNormalFooter.h; sourceTree = "<group>"; };
		A4EDF2361D434FA7003FA655 /* MJRefreshBackNormalFooter.m */ = {isa = PBXFileReference; fileEncoding = 4; lastKnownFileType = sourcecode.c.objc; path = MJRefreshBackNormalFooter.m; sourceTree = "<group>"; };
		A4EDF2371D434FA7003FA655 /* MJRefreshBackStateFooter.h */ = {isa = PBXFileReference; fileEncoding = 4; lastKnownFileType = sourcecode.c.h; path = MJRefreshBackStateFooter.h; sourceTree = "<group>"; };
		A4EDF2381D434FA7003FA655 /* MJRefreshBackStateFooter.m */ = {isa = PBXFileReference; fileEncoding = 4; lastKnownFileType = sourcecode.c.objc; path = MJRefreshBackStateFooter.m; sourceTree = "<group>"; };
		A4EDF23A1D434FA7003FA655 /* MJRefreshGifHeader.h */ = {isa = PBXFileReference; fileEncoding = 4; lastKnownFileType = sourcecode.c.h; path = MJRefreshGifHeader.h; sourceTree = "<group>"; };
		A4EDF23B1D434FA7003FA655 /* MJRefreshGifHeader.m */ = {isa = PBXFileReference; fileEncoding = 4; lastKnownFileType = sourcecode.c.objc; path = MJRefreshGifHeader.m; sourceTree = "<group>"; };
		A4EDF23C1D434FA7003FA655 /* MJRefreshNormalHeader.h */ = {isa = PBXFileReference; fileEncoding = 4; lastKnownFileType = sourcecode.c.h; path = MJRefreshNormalHeader.h; sourceTree = "<group>"; };
		A4EDF23D1D434FA7003FA655 /* MJRefreshNormalHeader.m */ = {isa = PBXFileReference; fileEncoding = 4; lastKnownFileType = sourcecode.c.objc; path = MJRefreshNormalHeader.m; sourceTree = "<group>"; };
		A4EDF23E1D434FA7003FA655 /* MJRefreshStateHeader.h */ = {isa = PBXFileReference; fileEncoding = 4; lastKnownFileType = sourcecode.c.h; path = MJRefreshStateHeader.h; sourceTree = "<group>"; };
		A4EDF23F1D434FA7003FA655 /* MJRefreshStateHeader.m */ = {isa = PBXFileReference; fileEncoding = 4; lastKnownFileType = sourcecode.c.objc; path = MJRefreshStateHeader.m; sourceTree = "<group>"; };
		A4EDF2401D434FA7003FA655 /* MJRefresh.bundle */ = {isa = PBXFileReference; lastKnownFileType = "wrapper.plug-in"; path = MJRefresh.bundle; sourceTree = "<group>"; };
		A4EDF2411D434FA7003FA655 /* MJRefresh.h */ = {isa = PBXFileReference; fileEncoding = 4; lastKnownFileType = sourcecode.c.h; path = MJRefresh.h; sourceTree = "<group>"; };
		A4EDF2421D434FA7003FA655 /* MJRefreshConst.h */ = {isa = PBXFileReference; fileEncoding = 4; lastKnownFileType = sourcecode.c.h; path = MJRefreshConst.h; sourceTree = "<group>"; };
		A4EDF2431D434FA7003FA655 /* MJRefreshConst.m */ = {isa = PBXFileReference; fileEncoding = 4; lastKnownFileType = sourcecode.c.objc; path = MJRefreshConst.m; sourceTree = "<group>"; };
		A4EDF2441D434FA7003FA655 /* UIScrollView+MJExtension.h */ = {isa = PBXFileReference; fileEncoding = 4; lastKnownFileType = sourcecode.c.h; path = "UIScrollView+MJExtension.h"; sourceTree = "<group>"; };
		A4EDF2451D434FA7003FA655 /* UIScrollView+MJExtension.m */ = {isa = PBXFileReference; fileEncoding = 4; lastKnownFileType = sourcecode.c.objc; path = "UIScrollView+MJExtension.m"; sourceTree = "<group>"; };
		A4EDF2461D434FA7003FA655 /* UIScrollView+MJRefresh.h */ = {isa = PBXFileReference; fileEncoding = 4; lastKnownFileType = sourcecode.c.h; path = "UIScrollView+MJRefresh.h"; sourceTree = "<group>"; };
		A4EDF2471D434FA7003FA655 /* UIScrollView+MJRefresh.m */ = {isa = PBXFileReference; fileEncoding = 4; lastKnownFileType = sourcecode.c.objc; path = "UIScrollView+MJRefresh.m"; sourceTree = "<group>"; };
		A4EDF2481D434FA7003FA655 /* UIView+MJExtension.h */ = {isa = PBXFileReference; fileEncoding = 4; lastKnownFileType = sourcecode.c.h; path = "UIView+MJExtension.h"; sourceTree = "<group>"; };
		A4EDF2491D434FA7003FA655 /* UIView+MJExtension.m */ = {isa = PBXFileReference; fileEncoding = 4; lastKnownFileType = sourcecode.c.objc; path = "UIView+MJExtension.m"; sourceTree = "<group>"; };
		A4EDF25E1D4352FD003FA655 /* AFHTTPRequestOperation.h */ = {isa = PBXFileReference; fileEncoding = 4; lastKnownFileType = sourcecode.c.h; path = AFHTTPRequestOperation.h; sourceTree = "<group>"; };
		A4EDF25F1D4352FD003FA655 /* AFHTTPRequestOperation.m */ = {isa = PBXFileReference; fileEncoding = 4; lastKnownFileType = sourcecode.c.objc; path = AFHTTPRequestOperation.m; sourceTree = "<group>"; };
		A4EDF2601D4352FD003FA655 /* AFHTTPRequestOperationManager.h */ = {isa = PBXFileReference; fileEncoding = 4; lastKnownFileType = sourcecode.c.h; path = AFHTTPRequestOperationManager.h; sourceTree = "<group>"; };
		A4EDF2611D4352FD003FA655 /* AFHTTPRequestOperationManager.m */ = {isa = PBXFileReference; fileEncoding = 4; lastKnownFileType = sourcecode.c.objc; path = AFHTTPRequestOperationManager.m; sourceTree = "<group>"; };
		A4EDF2621D4352FD003FA655 /* AFHTTPSessionManager.h */ = {isa = PBXFileReference; fileEncoding = 4; lastKnownFileType = sourcecode.c.h; path = AFHTTPSessionManager.h; sourceTree = "<group>"; };
		A4EDF2631D4352FD003FA655 /* AFHTTPSessionManager.m */ = {isa = PBXFileReference; fileEncoding = 4; lastKnownFileType = sourcecode.c.objc; path = AFHTTPSessionManager.m; sourceTree = "<group>"; };
		A4EDF2641D4352FD003FA655 /* AFNetworking.h */ = {isa = PBXFileReference; fileEncoding = 4; lastKnownFileType = sourcecode.c.h; path = AFNetworking.h; sourceTree = "<group>"; };
		A4EDF2651D4352FD003FA655 /* AFNetworkReachabilityManager.h */ = {isa = PBXFileReference; fileEncoding = 4; lastKnownFileType = sourcecode.c.h; path = AFNetworkReachabilityManager.h; sourceTree = "<group>"; };
		A4EDF2661D4352FD003FA655 /* AFNetworkReachabilityManager.m */ = {isa = PBXFileReference; fileEncoding = 4; lastKnownFileType = sourcecode.c.objc; path = AFNetworkReachabilityManager.m; sourceTree = "<group>"; };
		A4EDF2671D4352FD003FA655 /* AFSecurityPolicy.h */ = {isa = PBXFileReference; fileEncoding = 4; lastKnownFileType = sourcecode.c.h; path = AFSecurityPolicy.h; sourceTree = "<group>"; };
		A4EDF2681D4352FD003FA655 /* AFSecurityPolicy.m */ = {isa = PBXFileReference; fileEncoding = 4; lastKnownFileType = sourcecode.c.objc; path = AFSecurityPolicy.m; sourceTree = "<group>"; };
		A4EDF2691D4352FD003FA655 /* AFURLConnectionOperation.h */ = {isa = PBXFileReference; fileEncoding = 4; lastKnownFileType = sourcecode.c.h; path = AFURLConnectionOperation.h; sourceTree = "<group>"; };
		A4EDF26A1D4352FD003FA655 /* AFURLConnectionOperation.m */ = {isa = PBXFileReference; fileEncoding = 4; lastKnownFileType = sourcecode.c.objc; path = AFURLConnectionOperation.m; sourceTree = "<group>"; };
		A4EDF26B1D4352FD003FA655 /* AFURLRequestSerialization.h */ = {isa = PBXFileReference; fileEncoding = 4; lastKnownFileType = sourcecode.c.h; path = AFURLRequestSerialization.h; sourceTree = "<group>"; };
		A4EDF26C1D4352FD003FA655 /* AFURLRequestSerialization.m */ = {isa = PBXFileReference; fileEncoding = 4; lastKnownFileType = sourcecode.c.objc; path = AFURLRequestSerialization.m; sourceTree = "<group>"; };
		A4EDF26D1D4352FD003FA655 /* AFURLResponseSerialization.h */ = {isa = PBXFileReference; fileEncoding = 4; lastKnownFileType = sourcecode.c.h; path = AFURLResponseSerialization.h; sourceTree = "<group>"; };
		A4EDF26E1D4352FD003FA655 /* AFURLResponseSerialization.m */ = {isa = PBXFileReference; fileEncoding = 4; lastKnownFileType = sourcecode.c.objc; path = AFURLResponseSerialization.m; sourceTree = "<group>"; };
		A4EDF26F1D4352FD003FA655 /* AFURLSessionManager.h */ = {isa = PBXFileReference; fileEncoding = 4; lastKnownFileType = sourcecode.c.h; path = AFURLSessionManager.h; sourceTree = "<group>"; };
		A4EDF2701D4352FD003FA655 /* AFURLSessionManager.m */ = {isa = PBXFileReference; fileEncoding = 4; lastKnownFileType = sourcecode.c.objc; path = AFURLSessionManager.m; sourceTree = "<group>"; };
		A4EDF2721D4352FD003FA655 /* NetRequest.h */ = {isa = PBXFileReference; fileEncoding = 4; lastKnownFileType = sourcecode.c.h; path = NetRequest.h; sourceTree = "<group>"; };
		A4EDF2731D4352FD003FA655 /* NetRequest.m */ = {isa = PBXFileReference; fileEncoding = 4; lastKnownFileType = sourcecode.c.objc; path = NetRequest.m; sourceTree = "<group>"; };
		D827E12E67A752E0C680E2EE /* Pods-XYB.release.xcconfig */ = {isa = PBXFileReference; includeInIndex = 1; lastKnownFileType = text.xcconfig; name = "Pods-XYB.release.xcconfig"; path = "Pods/Target Support Files/Pods-XYB/Pods-XYB.release.xcconfig"; sourceTree = "<group>"; };
		DDC81BD48959B3A222103CDC /* libPods-XYB.a */ = {isa = PBXFileReference; explicitFileType = archive.ar; includeInIndex = 0; path = "libPods-XYB.a"; sourceTree = BUILT_PRODUCTS_DIR; };
/* End PBXFileReference section */

/* Begin PBXFrameworksBuildPhase section */
		A4EDF1601D4342BF003FA655 /* Frameworks */ = {
			isa = PBXFrameworksBuildPhase;
			buildActionMask = 2147483647;
			files = (
				A4EDF2021D434EFB003FA655 /* libsqlite3.tbd in Frameworks */,
				5C497F69B15B807CB0EEF8D6 /* libPods-XYB.a in Frameworks */,
			);
			runOnlyForDeploymentPostprocessing = 0;
		};
		A4EDF1791D4342BF003FA655 /* Frameworks */ = {
			isa = PBXFrameworksBuildPhase;
			buildActionMask = 2147483647;
			files = (
			);
			runOnlyForDeploymentPostprocessing = 0;
		};
		A4EDF1841D4342BF003FA655 /* Frameworks */ = {
			isa = PBXFrameworksBuildPhase;
			buildActionMask = 2147483647;
			files = (
			);
			runOnlyForDeploymentPostprocessing = 0;
		};
/* End PBXFrameworksBuildPhase section */

/* Begin PBXGroup section */
		50981842796E275191D72839 /* Frameworks */ = {
			isa = PBXGroup;
			children = (
				A4EDF2011D434EFB003FA655 /* libsqlite3.tbd */,
				DDC81BD48959B3A222103CDC /* libPods-XYB.a */,
			);
			name = Frameworks;
			sourceTree = "<group>";
		};
		69CB623490C33EB26D84FA75 /* Pods */ = {
			isa = PBXGroup;
			children = (
				3B7E491D2D43BA4FEFABD4D4 /* Pods-XYB.debug.xcconfig */,
				D827E12E67A752E0C680E2EE /* Pods-XYB.release.xcconfig */,
			);
			name = Pods;
			sourceTree = "<group>";
		};
		A475A5481D43A3BE00DAFC37 /* myRefresh */ = {
			isa = PBXGroup;
			children = (
				A475A5491D43A3BE00DAFC37 /* images */,
				A475A5561D43A3BE00DAFC37 /* XZRefreshGifHeader.h */,
				A475A5571D43A3BE00DAFC37 /* XZRefreshGifHeader.m */,
			);
			path = myRefresh;
			sourceTree = "<group>";
		};
		A475A5491D43A3BE00DAFC37 /* images */ = {
			isa = PBXGroup;
			children = (
				A475A54A1D43A3BE00DAFC37 /* refresh10@2x.tiff */,
				A475A54B1D43A3BE00DAFC37 /* refresh11@2x.tiff */,
				A475A54C1D43A3BE00DAFC37 /* refresh12@2x.tiff */,
				A475A54D1D43A3BE00DAFC37 /* refresh1@2x.tiff */,
				A475A54E1D43A3BE00DAFC37 /* refresh2@2x.tiff */,
				A475A54F1D43A3BE00DAFC37 /* refresh3@2x.tiff */,
				A475A5501D43A3BE00DAFC37 /* refresh4@2x.tiff */,
				A475A5511D43A3BE00DAFC37 /* refresh5@2x.tiff */,
				A475A5521D43A3BE00DAFC37 /* refresh6@2x.tiff */,
				A475A5531D43A3BE00DAFC37 /* refresh7@2x.tiff */,
				A475A5541D43A3BE00DAFC37 /* refresh8@2x.tiff */,
				A475A5551D43A3BE00DAFC37 /* refresh9@2x.tiff */,
			);
			path = images;
			sourceTree = "<group>";
		};
		A4EDF15A1D4342BF003FA655 = {
			isa = PBXGroup;
			children = (
				A4EDF1651D4342BF003FA655 /* XYB */,
				A4EDF17F1D4342BF003FA655 /* XYBTests */,
				A4EDF18A1D4342BF003FA655 /* XYBUITests */,
				A4EDF1641D4342BF003FA655 /* Products */,
				69CB623490C33EB26D84FA75 /* Pods */,
				50981842796E275191D72839 /* Frameworks */,
			);
			sourceTree = "<group>";
		};
		A4EDF1641D4342BF003FA655 /* Products */ = {
			isa = PBXGroup;
			children = (
				A4EDF1631D4342BF003FA655 /* XYB.app */,
				A4EDF17C1D4342BF003FA655 /* XYBTests.xctest */,
				A4EDF1871D4342BF003FA655 /* XYBUITests.xctest */,
			);
			name = Products;
			sourceTree = "<group>";
		};
		A4EDF1651D4342BF003FA655 /* XYB */ = {
			isa = PBXGroup;
			children = (
				A4EDF1A01D434460003FA655 /* Libs(三方类) */,
				A4EDF19E1D434412003FA655 /* Other(其他) */,
				A4EDF19F1D43442C003FA655 /* Global(全局) */,
				A4EDF19D1D4343FB003FA655 /* Index(首页) */,
				A4EDF19C1D4343DD003FA655 /* Sign(签到) */,
				A4EDF19B1D4343B3003FA655 /* New(+) */,
				A4EDF19A1D434397003FA655 /* Chat(聊天) */,
				A4EDF1991D434318003FA655 /* Me(我) */,
				A4EDF1661D4342BF003FA655 /* Supporting Files */,
			);
			path = XYB;
			sourceTree = "<group>";
		};
		A4EDF1661D4342BF003FA655 /* Supporting Files */ = {
			isa = PBXGroup;
			children = (
				A4EDF1771D4342BF003FA655 /* Info.plist */,
				A4EDF1671D4342BF003FA655 /* main.m */,
				A4EDF1A11D43448F003FA655 /* PrefixHeader.pch */,
			);
			name = "Supporting Files";
			sourceTree = "<group>";
		};
		A4EDF17F1D4342BF003FA655 /* XYBTests */ = {
			isa = PBXGroup;
			children = (
				A4EDF1801D4342BF003FA655 /* XYBTests.m */,
				A4EDF1821D4342BF003FA655 /* Info.plist */,
			);
			path = XYBTests;
			sourceTree = "<group>";
		};
		A4EDF18A1D4342BF003FA655 /* XYBUITests */ = {
			isa = PBXGroup;
			children = (
				A4EDF18B1D4342BF003FA655 /* XYBUITests.m */,
				A4EDF18D1D4342BF003FA655 /* Info.plist */,
			);
			path = XYBUITests;
			sourceTree = "<group>";
		};
		A4EDF1991D434318003FA655 /* Me(我) */ = {
			isa = PBXGroup;
			children = (
				A4EDF1B31D434547003FA655 /* Models */,
				A4EDF1AD1D434521003FA655 /* Views */,
				A4EDF1A71D4344FF003FA655 /* Controllers */,
			);
			name = "Me(我)";
			path = Me;
			sourceTree = "<group>";
		};
		A4EDF19A1D434397003FA655 /* Chat(聊天) */ = {
			isa = PBXGroup;
			children = (
				A4EDF1B21D434542003FA655 /* Models */,
				A4EDF1AC1D43451C003FA655 /* Views */,
				A4EDF1A61D4344FA003FA655 /* Controllers */,
			);
			name = "Chat(聊天)";
			path = Chat;
			sourceTree = "<group>";
		};
		A4EDF19B1D4343B3003FA655 /* New(+) */ = {
			isa = PBXGroup;
			children = (
				A4EDF1B11D43453C003FA655 /* Models */,
				A4EDF1AB1D434518003FA655 /* Views */,
				A4EDF1A51D4344F4003FA655 /* Controllers */,
			);
			name = "New(+)";
			path = New;
			sourceTree = "<group>";
		};
		A4EDF19C1D4343DD003FA655 /* Sign(签到) */ = {
			isa = PBXGroup;
			children = (
				A4EDF1B01D434536003FA655 /* Models */,
				A4EDF1AA1D434513003FA655 /* Views */,
				A4EDF1A41D4344EF003FA655 /* Controllers */,
			);
			name = "Sign(签到)";
			path = Sign;
			sourceTree = "<group>";
		};
		A4EDF19D1D4343FB003FA655 /* Index(首页) */ = {
			isa = PBXGroup;
			children = (
				A4EDF1AF1D434531003FA655 /* Models */,
				A4EDF1A91D43450F003FA655 /* Views */,
				A4EDF1A31D4344EA003FA655 /* Controllers */,
			);
			name = "Index(首页)";
			path = Index;
			sourceTree = "<group>";
		};
		A4EDF19E1D434412003FA655 /* Other(其他) */ = {
			isa = PBXGroup;
			children = (
				A4EDF1721D4342BF003FA655 /* Assets.xcassets */,
				A4EDF1691D4342BF003FA655 /* AppDelegate.h */,
				A4EDF16A1D4342BF003FA655 /* AppDelegate.m */,
			);
			name = "Other(其他)";
			path = Other;
			sourceTree = "<group>";
		};
		A4EDF19F1D43442C003FA655 /* Global(全局) */ = {
			isa = PBXGroup;
			children = (
				A4EDF1AE1D434526003FA655 /* Models */,
				A4EDF1A81D434506003FA655 /* Views */,
				A4EDF1A21D4344D3003FA655 /* Controllers */,
			);
			name = "Global(全局)";
			path = Global;
			sourceTree = "<group>";
		};
		A4EDF1A01D434460003FA655 /* Libs(三方类) */ = {
			isa = PBXGroup;
			children = (
				A4EDF21D1D434FA7003FA655 /* MJRefresh */,
				A4EDF2141D434F9E003FA655 /* MBProgessHUD */,
				A4EDF1B41D43499B003FA655 /* FMDTSqlite */,
				A4EDF25D1D4352FD003FA655 /* AFNetworking */,
				A4EDF2071D434F56003FA655 /* reachbility */,
			);
			name = "Libs(三方类)";
			path = Libs;
			sourceTree = "<group>";
		};
		A4EDF1A21D4344D3003FA655 /* Controllers */ = {
			isa = PBXGroup;
			children = (
				A49318321D4383A000DB8D03 /* XYBTabBarVC.h */,
				A49318331D4383A000DB8D03 /* XYBTabBarVC.m */,
			);
			name = Controllers;
			sourceTree = "<group>";
		};
		A4EDF1A31D4344EA003FA655 /* Controllers */ = {
			isa = PBXGroup;
			children = (
				A475A5391D439E0100DAFC37 /* XYBIndexVC.h */,
				A475A53A1D439E0100DAFC37 /* XYBIndexVC.m */,
			);
			name = Controllers;
			sourceTree = "<group>";
		};
		A4EDF1A41D4344EF003FA655 /* Controllers */ = {
			isa = PBXGroup;
			children = (
				A475A53C1D439E2700DAFC37 /* XYBSignVC.h */,
				A475A53D1D439E2700DAFC37 /* XYBSignVC.m */,
			);
			name = Controllers;
			sourceTree = "<group>";
		};
		A4EDF1A51D4344F4003FA655 /* Controllers */ = {
			isa = PBXGroup;
			children = (
				A475A53F1D439E3B00DAFC37 /* XYBNewVC.h */,
				A475A5401D439E3B00DAFC37 /* XYBNewVC.m */,
			);
			name = Controllers;
			sourceTree = "<group>";
		};
		A4EDF1A61D4344FA003FA655 /* Controllers */ = {
			isa = PBXGroup;
			children = (
				A475A5421D439E7400DAFC37 /* XYBChatVC.h */,
				A475A5431D439E7400DAFC37 /* XYBChatVC.m */,
			);
			name = Controllers;
			sourceTree = "<group>";
		};
		A4EDF1A71D4344FF003FA655 /* Controllers */ = {
			isa = PBXGroup;
			children = (
				A475A5451D439E8200DAFC37 /* XYBMeVC.h */,
				A475A5461D439E8200DAFC37 /* XYBMeVC.m */,
			);
			name = Controllers;
			sourceTree = "<group>";
		};
		A4EDF1A81D434506003FA655 /* Views */ = {
			isa = PBXGroup;
			children = (
				A49318301D4382D700DB8D03 /* XYBMain.storyboard */,
				A4EDF1741D4342BF003FA655 /* LaunchScreen.storyboard */,
			);
			name = Views;
			sourceTree = "<group>";
		};
		A4EDF1A91D43450F003FA655 /* Views */ = {
			isa = PBXGroup;
			children = (
			);
			name = Views;
			sourceTree = "<group>";
		};
		A4EDF1AA1D434513003FA655 /* Views */ = {
			isa = PBXGroup;
			children = (
			);
			name = Views;
			sourceTree = "<group>";
		};
		A4EDF1AB1D434518003FA655 /* Views */ = {
			isa = PBXGroup;
			children = (
			);
			name = Views;
			sourceTree = "<group>";
		};
		A4EDF1AC1D43451C003FA655 /* Views */ = {
			isa = PBXGroup;
			children = (
			);
			name = Views;
			sourceTree = "<group>";
		};
		A4EDF1AD1D434521003FA655 /* Views */ = {
			isa = PBXGroup;
			children = (
			);
			name = Views;
			sourceTree = "<group>";
		};
		A4EDF1AE1D434526003FA655 /* Models */ = {
			isa = PBXGroup;
			children = (
			);
			name = Models;
			sourceTree = "<group>";
		};
		A4EDF1AF1D434531003FA655 /* Models */ = {
			isa = PBXGroup;
			children = (
			);
			name = Models;
			sourceTree = "<group>";
		};
		A4EDF1B01D434536003FA655 /* Models */ = {
			isa = PBXGroup;
			children = (
			);
			name = Models;
			sourceTree = "<group>";
		};
		A4EDF1B11D43453C003FA655 /* Models */ = {
			isa = PBXGroup;
			children = (
			);
			name = Models;
			sourceTree = "<group>";
		};
		A4EDF1B21D434542003FA655 /* Models */ = {
			isa = PBXGroup;
			children = (
			);
			name = Models;
			sourceTree = "<group>";
		};
		A4EDF1B31D434547003FA655 /* Models */ = {
			isa = PBXGroup;
			children = (
			);
			name = Models;
			sourceTree = "<group>";
		};
		A4EDF1B41D43499B003FA655 /* FMDTSqlite */ = {
			isa = PBXGroup;
			children = (
				A4EDF1B51D43499B003FA655 /* fmdb */,
				A4EDF1C21D43499B003FA655 /* FMDTCommand.h */,
				A4EDF1C31D43499B003FA655 /* FMDTContext.h */,
				A4EDF1C41D43499B003FA655 /* FMDTContext.m */,
				A4EDF1C51D43499B003FA655 /* FMDTDeleteCommand.h */,
				A4EDF1C61D43499B003FA655 /* FMDTDeleteCommand.m */,
				A4EDF1C71D43499B003FA655 /* FMDTInsertCommand.h */,
				A4EDF1C81D43499B003FA655 /* FMDTInsertCommand.m */,
				A4EDF1C91D43499B003FA655 /* FMDTManager.h */,
				A4EDF1CA1D43499B003FA655 /* FMDTManager.m */,
				A4EDF1CB1D43499B003FA655 /* FMDTObject.h */,
				A4EDF1CC1D43499B003FA655 /* FMDTObject.m */,
				A4EDF1CD1D43499B003FA655 /* FMDTSchema.h */,
				A4EDF1CE1D43499B003FA655 /* FMDTSchema.m */,
				A4EDF1CF1D43499B003FA655 /* FMDTSelectCommand.h */,
				A4EDF1D01D43499B003FA655 /* FMDTSelectCommand.m */,
				A4EDF1D11D43499B003FA655 /* FMDTUpdateCommand.h */,
				A4EDF1D21D43499B003FA655 /* FMDTUpdateCommand.m */,
				A4EDF1D31D43499B003FA655 /* FMDTUpdateObjectCommand.h */,
				A4EDF1D41D43499B003FA655 /* FMDTUpdateObjectCommand.m */,
				A4EDF1D51D43499B003FA655 /* NSObject+runtime.h */,
				A4EDF1D61D43499B003FA655 /* NSObject+runtime.m */,
			);
			path = FMDTSqlite;
			sourceTree = "<group>";
		};
		A4EDF1B51D43499B003FA655 /* fmdb */ = {
			isa = PBXGroup;
			children = (
				A4EDF1B61D43499B003FA655 /* FMDatabase.h */,
				A4EDF1B71D43499B003FA655 /* FMDatabase.m */,
				A4EDF1B81D43499B003FA655 /* FMDatabaseAdditions.h */,
				A4EDF1B91D43499B003FA655 /* FMDatabaseAdditions.m */,
				A4EDF1BA1D43499B003FA655 /* FMDatabasePool.h */,
				A4EDF1BB1D43499B003FA655 /* FMDatabasePool.m */,
				A4EDF1BC1D43499B003FA655 /* FMDatabaseQueue.h */,
				A4EDF1BD1D43499B003FA655 /* FMDatabaseQueue.m */,
				A4EDF1BE1D43499B003FA655 /* FMDB.h */,
				A4EDF1BF1D43499B003FA655 /* FMResultSet.h */,
				A4EDF1C01D43499B003FA655 /* FMResultSet.m */,
				A4EDF1C11D43499B003FA655 /* README.markdown */,
			);
			path = fmdb;
			sourceTree = "<group>";
		};
		A4EDF2071D434F56003FA655 /* reachbility */ = {
			isa = PBXGroup;
			children = (
				A4EDF2081D434F56003FA655 /* Reachability.h */,
				A4EDF2091D434F56003FA655 /* Reachability.m */,
			);
			path = reachbility;
			sourceTree = "<group>";
		};
		A4EDF2141D434F9E003FA655 /* MBProgessHUD */ = {
			isa = PBXGroup;
			children = (
				A4EDF2151D434F9E003FA655 /* MBProgressHUD+HM.h */,
				A4EDF2161D434F9E003FA655 /* MBProgressHUD+HM.m */,
				A4EDF2171D434F9E003FA655 /* MBProgressHUD.bundle */,
				A4EDF2181D434F9E003FA655 /* MBProgressHUD.h */,
				A4EDF2191D434F9E003FA655 /* MBProgressHUD.m */,
			);
			path = MBProgessHUD;
			sourceTree = "<group>";
		};
		A4EDF21D1D434FA7003FA655 /* MJRefresh */ = {
			isa = PBXGroup;
			children = (
				A475A5481D43A3BE00DAFC37 /* myRefresh */,
				A4EDF21E1D434FA7003FA655 /* Base */,
				A4EDF2291D434FA7003FA655 /* Custom */,
				A4EDF2401D434FA7003FA655 /* MJRefresh.bundle */,
				A4EDF2411D434FA7003FA655 /* MJRefresh.h */,
				A4EDF2421D434FA7003FA655 /* MJRefreshConst.h */,
				A4EDF2431D434FA7003FA655 /* MJRefreshConst.m */,
				A4EDF2441D434FA7003FA655 /* UIScrollView+MJExtension.h */,
				A4EDF2451D434FA7003FA655 /* UIScrollView+MJExtension.m */,
				A4EDF2461D434FA7003FA655 /* UIScrollView+MJRefresh.h */,
				A4EDF2471D434FA7003FA655 /* UIScrollView+MJRefresh.m */,
				A4EDF2481D434FA7003FA655 /* UIView+MJExtension.h */,
				A4EDF2491D434FA7003FA655 /* UIView+MJExtension.m */,
			);
			path = MJRefresh;
			sourceTree = "<group>";
		};
		A4EDF21E1D434FA7003FA655 /* Base */ = {
			isa = PBXGroup;
			children = (
				A4EDF21F1D434FA7003FA655 /* MJRefreshAutoFooter.h */,
				A4EDF2201D434FA7003FA655 /* MJRefreshAutoFooter.m */,
				A4EDF2211D434FA7003FA655 /* MJRefreshBackFooter.h */,
				A4EDF2221D434FA7003FA655 /* MJRefreshBackFooter.m */,
				A4EDF2231D434FA7003FA655 /* MJRefreshComponent.h */,
				A4EDF2241D434FA7003FA655 /* MJRefreshComponent.m */,
				A4EDF2251D434FA7003FA655 /* MJRefreshFooter.h */,
				A4EDF2261D434FA7003FA655 /* MJRefreshFooter.m */,
				A4EDF2271D434FA7003FA655 /* MJRefreshHeader.h */,
				A4EDF2281D434FA7003FA655 /* MJRefreshHeader.m */,
			);
			path = Base;
			sourceTree = "<group>";
		};
		A4EDF2291D434FA7003FA655 /* Custom */ = {
			isa = PBXGroup;
			children = (
				A4EDF22A1D434FA7003FA655 /* Footer */,
				A4EDF2391D434FA7003FA655 /* Header */,
			);
			path = Custom;
			sourceTree = "<group>";
		};
		A4EDF22A1D434FA7003FA655 /* Footer */ = {
			isa = PBXGroup;
			children = (
				A4EDF22B1D434FA7003FA655 /* Auto */,
				A4EDF2321D434FA7003FA655 /* Back */,
			);
			path = Footer;
			sourceTree = "<group>";
		};
		A4EDF22B1D434FA7003FA655 /* Auto */ = {
			isa = PBXGroup;
			children = (
				A4EDF22C1D434FA7003FA655 /* MJRefreshAutoGifFooter.h */,
				A4EDF22D1D434FA7003FA655 /* MJRefreshAutoGifFooter.m */,
				A4EDF22E1D434FA7003FA655 /* MJRefreshAutoNormalFooter.h */,
				A4EDF22F1D434FA7003FA655 /* MJRefreshAutoNormalFooter.m */,
				A4EDF2301D434FA7003FA655 /* MJRefreshAutoStateFooter.h */,
				A4EDF2311D434FA7003FA655 /* MJRefreshAutoStateFooter.m */,
			);
			path = Auto;
			sourceTree = "<group>";
		};
		A4EDF2321D434FA7003FA655 /* Back */ = {
			isa = PBXGroup;
			children = (
				A4EDF2331D434FA7003FA655 /* MJRefreshBackGifFooter.h */,
				A4EDF2341D434FA7003FA655 /* MJRefreshBackGifFooter.m */,
				A4EDF2351D434FA7003FA655 /* MJRefreshBackNormalFooter.h */,
				A4EDF2361D434FA7003FA655 /* MJRefreshBackNormalFooter.m */,
				A4EDF2371D434FA7003FA655 /* MJRefreshBackStateFooter.h */,
				A4EDF2381D434FA7003FA655 /* MJRefreshBackStateFooter.m */,
			);
			path = Back;
			sourceTree = "<group>";
		};
		A4EDF2391D434FA7003FA655 /* Header */ = {
			isa = PBXGroup;
			children = (
				A4EDF23A1D434FA7003FA655 /* MJRefreshGifHeader.h */,
				A4EDF23B1D434FA7003FA655 /* MJRefreshGifHeader.m */,
				A4EDF23C1D434FA7003FA655 /* MJRefreshNormalHeader.h */,
				A4EDF23D1D434FA7003FA655 /* MJRefreshNormalHeader.m */,
				A4EDF23E1D434FA7003FA655 /* MJRefreshStateHeader.h */,
				A4EDF23F1D434FA7003FA655 /* MJRefreshStateHeader.m */,
			);
			path = Header;
			sourceTree = "<group>";
		};
		A4EDF25D1D4352FD003FA655 /* AFNetworking */ = {
			isa = PBXGroup;
			children = (
				A4EDF25E1D4352FD003FA655 /* AFHTTPRequestOperation.h */,
				A4EDF25F1D4352FD003FA655 /* AFHTTPRequestOperation.m */,
				A4EDF2601D4352FD003FA655 /* AFHTTPRequestOperationManager.h */,
				A4EDF2611D4352FD003FA655 /* AFHTTPRequestOperationManager.m */,
				A4EDF2621D4352FD003FA655 /* AFHTTPSessionManager.h */,
				A4EDF2631D4352FD003FA655 /* AFHTTPSessionManager.m */,
				A4EDF2641D4352FD003FA655 /* AFNetworking.h */,
				A4EDF2651D4352FD003FA655 /* AFNetworkReachabilityManager.h */,
				A4EDF2661D4352FD003FA655 /* AFNetworkReachabilityManager.m */,
				A4EDF2671D4352FD003FA655 /* AFSecurityPolicy.h */,
				A4EDF2681D4352FD003FA655 /* AFSecurityPolicy.m */,
				A4EDF2691D4352FD003FA655 /* AFURLConnectionOperation.h */,
				A4EDF26A1D4352FD003FA655 /* AFURLConnectionOperation.m */,
				A4EDF26B1D4352FD003FA655 /* AFURLRequestSerialization.h */,
				A4EDF26C1D4352FD003FA655 /* AFURLRequestSerialization.m */,
				A4EDF26D1D4352FD003FA655 /* AFURLResponseSerialization.h */,
				A4EDF26E1D4352FD003FA655 /* AFURLResponseSerialization.m */,
				A4EDF26F1D4352FD003FA655 /* AFURLSessionManager.h */,
				A4EDF2701D4352FD003FA655 /* AFURLSessionManager.m */,
				A4EDF2711D4352FD003FA655 /* MyAF */,
			);
			path = AFNetworking;
			sourceTree = "<group>";
		};
		A4EDF2711D4352FD003FA655 /* MyAF */ = {
			isa = PBXGroup;
			children = (
				A4EDF2721D4352FD003FA655 /* NetRequest.h */,
				A4EDF2731D4352FD003FA655 /* NetRequest.m */,
			);
			path = MyAF;
			sourceTree = "<group>";
		};
/* End PBXGroup section */

/* Begin PBXNativeTarget section */
		A4EDF1621D4342BF003FA655 /* XYB */ = {
			isa = PBXNativeTarget;
			buildConfigurationList = A4EDF1901D4342BF003FA655 /* Build configuration list for PBXNativeTarget "XYB" */;
			buildPhases = (
				94F6A261FBED6C25A8FD273F /* [CP] Check Pods Manifest.lock */,
				A4EDF15F1D4342BF003FA655 /* Sources */,
				A4EDF1601D4342BF003FA655 /* Frameworks */,
				A4EDF1611D4342BF003FA655 /* Resources */,
				EB7EE478024FDFEB44743F96 /* [CP] Embed Pods Frameworks */,
				73676457940C9B5C35DE5854 /* [CP] Copy Pods Resources */,
			);
			buildRules = (
			);
			dependencies = (
			);
			name = XYB;
			productName = XYB;
			productReference = A4EDF1631D4342BF003FA655 /* XYB.app */;
			productType = "com.apple.product-type.application";
		};
		A4EDF17B1D4342BF003FA655 /* XYBTests */ = {
			isa = PBXNativeTarget;
			buildConfigurationList = A4EDF1931D4342BF003FA655 /* Build configuration list for PBXNativeTarget "XYBTests" */;
			buildPhases = (
				A4EDF1781D4342BF003FA655 /* Sources */,
				A4EDF1791D4342BF003FA655 /* Frameworks */,
				A4EDF17A1D4342BF003FA655 /* Resources */,
			);
			buildRules = (
			);
			dependencies = (
				A4EDF17E1D4342BF003FA655 /* PBXTargetDependency */,
			);
			name = XYBTests;
			productName = XYBTests;
			productReference = A4EDF17C1D4342BF003FA655 /* XYBTests.xctest */;
			productType = "com.apple.product-type.bundle.unit-test";
		};
		A4EDF1861D4342BF003FA655 /* XYBUITests */ = {
			isa = PBXNativeTarget;
			buildConfigurationList = A4EDF1961D4342BF003FA655 /* Build configuration list for PBXNativeTarget "XYBUITests" */;
			buildPhases = (
				A4EDF1831D4342BF003FA655 /* Sources */,
				A4EDF1841D4342BF003FA655 /* Frameworks */,
				A4EDF1851D4342BF003FA655 /* Resources */,
			);
			buildRules = (
			);
			dependencies = (
				A4EDF1891D4342BF003FA655 /* PBXTargetDependency */,
			);
			name = XYBUITests;
			productName = XYBUITests;
			productReference = A4EDF1871D4342BF003FA655 /* XYBUITests.xctest */;
			productType = "com.apple.product-type.bundle.ui-testing";
		};
/* End PBXNativeTarget section */

/* Begin PBXProject section */
		A4EDF15B1D4342BF003FA655 /* Project object */ = {
			isa = PBXProject;
			attributes = {
				CLASSPREFIX = XYB;
				LastUpgradeCheck = 0730;
				ORGANIZATIONNAME = "李雷";
				TargetAttributes = {
					A4EDF1621D4342BF003FA655 = {
						CreatedOnToolsVersion = 7.3.1;
					};
					A4EDF17B1D4342BF003FA655 = {
						CreatedOnToolsVersion = 7.3.1;
						TestTargetID = A4EDF1621D4342BF003FA655;
					};
					A4EDF1861D4342BF003FA655 = {
						CreatedOnToolsVersion = 7.3.1;
						TestTargetID = A4EDF1621D4342BF003FA655;
					};
				};
			};
			buildConfigurationList = A4EDF15E1D4342BF003FA655 /* Build configuration list for PBXProject "XYB" */;
			compatibilityVersion = "Xcode 3.2";
			developmentRegion = English;
			hasScannedForEncodings = 0;
			knownRegions = (
				en,
				Base,
			);
			mainGroup = A4EDF15A1D4342BF003FA655;
			productRefGroup = A4EDF1641D4342BF003FA655 /* Products */;
			projectDirPath = "";
			projectRoot = "";
			targets = (
				A4EDF1621D4342BF003FA655 /* XYB */,
				A4EDF17B1D4342BF003FA655 /* XYBTests */,
				A4EDF1861D4342BF003FA655 /* XYBUITests */,
			);
		};
/* End PBXProject section */

/* Begin PBXResourcesBuildPhase section */
		A4EDF1611D4342BF003FA655 /* Resources */ = {
			isa = PBXResourcesBuildPhase;
			buildActionMask = 2147483647;
			files = (
				A4EDF1761D4342BF003FA655 /* LaunchScreen.storyboard in Resources */,
				A475A55F1D43A3BE00DAFC37 /* refresh5@2x.tiff in Resources */,
				A475A5611D43A3BE00DAFC37 /* refresh7@2x.tiff in Resources */,
				A475A5591D43A3BE00DAFC37 /* refresh11@2x.tiff in Resources */,
				A4EDF21B1D434F9E003FA655 /* MBProgressHUD.bundle in Resources */,
				A475A55B1D43A3BE00DAFC37 /* refresh1@2x.tiff in Resources */,
				A475A5581D43A3BE00DAFC37 /* refresh10@2x.tiff in Resources */,
				A475A55A1D43A3BE00DAFC37 /* refresh12@2x.tiff in Resources */,
				A475A5621D43A3BE00DAFC37 /* refresh8@2x.tiff in Resources */,
				A4EDF1731D4342BF003FA655 /* Assets.xcassets in Resources */,
				A475A5601D43A3BE00DAFC37 /* refresh6@2x.tiff in Resources */,
				A49318311D4382D700DB8D03 /* XYBMain.storyboard in Resources */,
				A475A55E1D43A3BE00DAFC37 /* refresh4@2x.tiff in Resources */,
				A475A55C1D43A3BE00DAFC37 /* refresh2@2x.tiff in Resources */,
				A4EDF2581D434FA7003FA655 /* MJRefresh.bundle in Resources */,
				A475A55D1D43A3BE00DAFC37 /* refresh3@2x.tiff in Resources */,
				A475A5631D43A3BE00DAFC37 /* refresh9@2x.tiff in Resources */,
			);
			runOnlyForDeploymentPostprocessing = 0;
		};
		A4EDF17A1D4342BF003FA655 /* Resources */ = {
			isa = PBXResourcesBuildPhase;
			buildActionMask = 2147483647;
			files = (
			);
			runOnlyForDeploymentPostprocessing = 0;
		};
		A4EDF1851D4342BF003FA655 /* Resources */ = {
			isa = PBXResourcesBuildPhase;
			buildActionMask = 2147483647;
			files = (
			);
			runOnlyForDeploymentPostprocessing = 0;
		};
/* End PBXResourcesBuildPhase section */

/* Begin PBXShellScriptBuildPhase section */
		73676457940C9B5C35DE5854 /* [CP] Copy Pods Resources */ = {
			isa = PBXShellScriptBuildPhase;
			buildActionMask = 2147483647;
			files = (
			);
			inputPaths = (
			);
			name = "[CP] Copy Pods Resources";
			outputPaths = (
			);
			runOnlyForDeploymentPostprocessing = 0;
			shellPath = /bin/sh;
			shellScript = "\"${SRCROOT}/Pods/Target Support Files/Pods-XYB/Pods-XYB-resources.sh\"\n";
			showEnvVarsInLog = 0;
		};
		94F6A261FBED6C25A8FD273F /* [CP] Check Pods Manifest.lock */ = {
			isa = PBXShellScriptBuildPhase;
			buildActionMask = 2147483647;
			files = (
			);
			inputPaths = (
			);
			name = "[CP] Check Pods Manifest.lock";
			outputPaths = (
			);
			runOnlyForDeploymentPostprocessing = 0;
			shellPath = /bin/sh;
			shellScript = "diff \"${PODS_ROOT}/../Podfile.lock\" \"${PODS_ROOT}/Manifest.lock\" > /dev/null\nif [[ $? != 0 ]] ; then\n    cat << EOM\nerror: The sandbox is not in sync with the Podfile.lock. Run 'pod install' or update your CocoaPods installation.\nEOM\n    exit 1\nfi\n";
			showEnvVarsInLog = 0;
		};
		EB7EE478024FDFEB44743F96 /* [CP] Embed Pods Frameworks */ = {
			isa = PBXShellScriptBuildPhase;
			buildActionMask = 2147483647;
			files = (
			);
			inputPaths = (
			);
			name = "[CP] Embed Pods Frameworks";
			outputPaths = (
			);
			runOnlyForDeploymentPostprocessing = 0;
			shellPath = /bin/sh;
			shellScript = "\"${SRCROOT}/Pods/Target Support Files/Pods-XYB/Pods-XYB-frameworks.sh\"\n";
			showEnvVarsInLog = 0;
		};
/* End PBXShellScriptBuildPhase section */

/* Begin PBXSourcesBuildPhase section */
		A4EDF15F1D4342BF003FA655 /* Sources */ = {
			isa = PBXSourcesBuildPhase;
			buildActionMask = 2147483647;
			files = (
				A4EDF1E01D43499B003FA655 /* FMDTManager.m in Sources */,
				A4EDF2781D4352FD003FA655 /* AFSecurityPolicy.m in Sources */,
				A4EDF2571D434FA7003FA655 /* MJRefreshStateHeader.m in Sources */,
				A4EDF1DD1D43499B003FA655 /* FMDTContext.m in Sources */,
				A4EDF21C1D434F9E003FA655 /* MBProgressHUD.m in Sources */,
				A4EDF2551D434FA7003FA655 /* MJRefreshGifHeader.m in Sources */,
				A4EDF2531D434FA7003FA655 /* MJRefreshBackNormalFooter.m in Sources */,
				A4EDF24E1D434FA7003FA655 /* MJRefreshHeader.m in Sources */,
				A4EDF1E61D43499B003FA655 /* NSObject+runtime.m in Sources */,
				A4EDF1E21D43499B003FA655 /* FMDTSchema.m in Sources */,
				A4EDF1D91D43499B003FA655 /* FMDatabasePool.m in Sources */,
				A4EDF21A1D434F9E003FA655 /* MBProgressHUD+HM.m in Sources */,
				A4EDF25C1D434FA7003FA655 /* UIView+MJExtension.m in Sources */,
				A4EDF24C1D434FA7003FA655 /* MJRefreshComponent.m in Sources */,
				A4EDF1E41D43499B003FA655 /* FMDTUpdateCommand.m in Sources */,
				A4EDF2501D434FA7003FA655 /* MJRefreshAutoNormalFooter.m in Sources */,
				A4EDF16B1D4342BF003FA655 /* AppDelegate.m in Sources */,
				A4EDF1DA1D43499B003FA655 /* FMDatabaseQueue.m in Sources */,
				A4EDF1DF1D43499B003FA655 /* FMDTInsertCommand.m in Sources */,
				A4EDF2521D434FA7003FA655 /* MJRefreshBackGifFooter.m in Sources */,
				A4EDF2561D434FA7003FA655 /* MJRefreshNormalHeader.m in Sources */,
				A4EDF20A1D434F56003FA655 /* Reachability.m in Sources */,
				A4EDF2511D434FA7003FA655 /* MJRefreshAutoStateFooter.m in Sources */,
				A4EDF2591D434FA7003FA655 /* MJRefreshConst.m in Sources */,
				A4EDF1E31D43499B003FA655 /* FMDTSelectCommand.m in Sources */,
				A49318341D4383A000DB8D03 /* XYBTabBarVC.m in Sources */,
				A4EDF2541D434FA7003FA655 /* MJRefreshBackStateFooter.m in Sources */,
				A4EDF1E51D43499B003FA655 /* FMDTUpdateObjectCommand.m in Sources */,
				A475A5441D439E7400DAFC37 /* XYBChatVC.m in Sources */,
				A4EDF1681D4342BF003FA655 /* main.m in Sources */,
				A4EDF25A1D434FA7003FA655 /* UIScrollView+MJExtension.m in Sources */,
				A4EDF25B1D434FA7003FA655 /* UIScrollView+MJRefresh.m in Sources */,
				A4EDF27A1D4352FD003FA655 /* AFURLRequestSerialization.m in Sources */,
				A4EDF1DC1D43499B003FA655 /* README.markdown in Sources */,
				A475A53B1D439E0100DAFC37 /* XYBIndexVC.m in Sources */,
				A4EDF24F1D434FA7003FA655 /* MJRefreshAutoGifFooter.m in Sources */,
				A475A5411D439E3B00DAFC37 /* XYBNewVC.m in Sources */,
				A4EDF2751D4352FD003FA655 /* AFHTTPRequestOperationManager.m in Sources */,
				A4EDF1E11D43499B003FA655 /* FMDTObject.m in Sources */,
				A475A5641D43A3BE00DAFC37 /* XZRefreshGifHeader.m in Sources */,
				A4EDF24B1D434FA7003FA655 /* MJRefreshBackFooter.m in Sources */,
				A4EDF2791D4352FD003FA655 /* AFURLConnectionOperation.m in Sources */,
				A4EDF27C1D4352FD003FA655 /* AFURLSessionManager.m in Sources */,
				A4EDF2741D4352FD003FA655 /* AFHTTPRequestOperation.m in Sources */,
				A4EDF1D71D43499B003FA655 /* FMDatabase.m in Sources */,
				A4EDF1DB1D43499B003FA655 /* FMResultSet.m in Sources */,
				A4EDF24D1D434FA7003FA655 /* MJRefreshFooter.m in Sources */,
				A4EDF1DE1D43499B003FA655 /* FMDTDeleteCommand.m in Sources */,
				A4EDF2761D4352FD003FA655 /* AFHTTPSessionManager.m in Sources */,
				A475A5471D439E8200DAFC37 /* XYBMeVC.m in Sources */,
				A4EDF27D1D4352FD003FA655 /* NetRequest.m in Sources */,
				A475A53E1D439E2700DAFC37 /* XYBSignVC.m in Sources */,
				A4EDF24A1D434FA7003FA655 /* MJRefreshAutoFooter.m in Sources */,
				A4EDF2771D4352FD003FA655 /* AFNetworkReachabilityManager.m in Sources */,
				A4EDF27B1D4352FD003FA655 /* AFURLResponseSerialization.m in Sources */,
				A4EDF1D81D43499B003FA655 /* FMDatabaseAdditions.m in Sources */,
			);
			runOnlyForDeploymentPostprocessing = 0;
		};
		A4EDF1781D4342BF003FA655 /* Sources */ = {
			isa = PBXSourcesBuildPhase;
			buildActionMask = 2147483647;
			files = (
				A4EDF1811D4342BF003FA655 /* XYBTests.m in Sources */,
			);
			runOnlyForDeploymentPostprocessing = 0;
		};
		A4EDF1831D4342BF003FA655 /* Sources */ = {
			isa = PBXSourcesBuildPhase;
			buildActionMask = 2147483647;
			files = (
				A4EDF18C1D4342BF003FA655 /* XYBUITests.m in Sources */,
			);
			runOnlyForDeploymentPostprocessing = 0;
		};
/* End PBXSourcesBuildPhase section */

/* Begin PBXTargetDependency section */
		A4EDF17E1D4342BF003FA655 /* PBXTargetDependency */ = {
			isa = PBXTargetDependency;
			target = A4EDF1621D4342BF003FA655 /* XYB */;
			targetProxy = A4EDF17D1D4342BF003FA655 /* PBXContainerItemProxy */;
		};
		A4EDF1891D4342BF003FA655 /* PBXTargetDependency */ = {
			isa = PBXTargetDependency;
			target = A4EDF1621D4342BF003FA655 /* XYB */;
			targetProxy = A4EDF1881D4342BF003FA655 /* PBXContainerItemProxy */;
		};
/* End PBXTargetDependency section */

/* Begin PBXVariantGroup section */
		A4EDF1741D4342BF003FA655 /* LaunchScreen.storyboard */ = {
			isa = PBXVariantGroup;
			children = (
				A4EDF1751D4342BF003FA655 /* Base */,
			);
			name = LaunchScreen.storyboard;
			path = ..;
			sourceTree = "<group>";
		};
/* End PBXVariantGroup section */

/* Begin XCBuildConfiguration section */
		A4EDF18E1D4342BF003FA655 /* Debug */ = {
			isa = XCBuildConfiguration;
			buildSettings = {
				ALWAYS_SEARCH_USER_PATHS = NO;
				CLANG_ANALYZER_NONNULL = YES;
				CLANG_CXX_LANGUAGE_STANDARD = "gnu++0x";
				CLANG_CXX_LIBRARY = "libc++";
				CLANG_ENABLE_MODULES = YES;
				CLANG_ENABLE_OBJC_ARC = YES;
				CLANG_WARN_BOOL_CONVERSION = YES;
				CLANG_WARN_CONSTANT_CONVERSION = YES;
				CLANG_WARN_DIRECT_OBJC_ISA_USAGE = YES_ERROR;
				CLANG_WARN_EMPTY_BODY = YES;
				CLANG_WARN_ENUM_CONVERSION = YES;
				CLANG_WARN_INT_CONVERSION = YES;
				CLANG_WARN_OBJC_ROOT_CLASS = YES_ERROR;
				CLANG_WARN_UNREACHABLE_CODE = YES;
				CLANG_WARN__DUPLICATE_METHOD_MATCH = YES;
				"CODE_SIGN_IDENTITY[sdk=iphoneos*]" = "iPhone Developer";
				COPY_PHASE_STRIP = NO;
				DEBUG_INFORMATION_FORMAT = dwarf;
				ENABLE_STRICT_OBJC_MSGSEND = YES;
				ENABLE_TESTABILITY = YES;
				GCC_C_LANGUAGE_STANDARD = gnu99;
				GCC_DYNAMIC_NO_PIC = NO;
				GCC_NO_COMMON_BLOCKS = YES;
				GCC_OPTIMIZATION_LEVEL = 0;
				GCC_PREPROCESSOR_DEFINITIONS = (
					"DEBUG=1",
					"$(inherited)",
				);
				GCC_WARN_64_TO_32_BIT_CONVERSION = YES;
				GCC_WARN_ABOUT_RETURN_TYPE = YES_ERROR;
				GCC_WARN_UNDECLARED_SELECTOR = YES;
				GCC_WARN_UNINITIALIZED_AUTOS = YES_AGGRESSIVE;
				GCC_WARN_UNUSED_FUNCTION = YES;
				GCC_WARN_UNUSED_VARIABLE = YES;
				IPHONEOS_DEPLOYMENT_TARGET = 9.3;
				MTL_ENABLE_DEBUG_INFO = YES;
				ONLY_ACTIVE_ARCH = YES;
				SDKROOT = iphoneos;
			};
			name = Debug;
		};
		A4EDF18F1D4342BF003FA655 /* Release */ = {
			isa = XCBuildConfiguration;
			buildSettings = {
				ALWAYS_SEARCH_USER_PATHS = NO;
				CLANG_ANALYZER_NONNULL = YES;
				CLANG_CXX_LANGUAGE_STANDARD = "gnu++0x";
				CLANG_CXX_LIBRARY = "libc++";
				CLANG_ENABLE_MODULES = YES;
				CLANG_ENABLE_OBJC_ARC = YES;
				CLANG_WARN_BOOL_CONVERSION = YES;
				CLANG_WARN_CONSTANT_CONVERSION = YES;
				CLANG_WARN_DIRECT_OBJC_ISA_USAGE = YES_ERROR;
				CLANG_WARN_EMPTY_BODY = YES;
				CLANG_WARN_ENUM_CONVERSION = YES;
				CLANG_WARN_INT_CONVERSION = YES;
				CLANG_WARN_OBJC_ROOT_CLASS = YES_ERROR;
				CLANG_WARN_UNREACHABLE_CODE = YES;
				CLANG_WARN__DUPLICATE_METHOD_MATCH = YES;
				"CODE_SIGN_IDENTITY[sdk=iphoneos*]" = "iPhone Developer";
				COPY_PHASE_STRIP = NO;
				DEBUG_INFORMATION_FORMAT = "dwarf-with-dsym";
				ENABLE_NS_ASSERTIONS = NO;
				ENABLE_STRICT_OBJC_MSGSEND = YES;
				GCC_C_LANGUAGE_STANDARD = gnu99;
				GCC_NO_COMMON_BLOCKS = YES;
				GCC_WARN_64_TO_32_BIT_CONVERSION = YES;
				GCC_WARN_ABOUT_RETURN_TYPE = YES_ERROR;
				GCC_WARN_UNDECLARED_SELECTOR = YES;
				GCC_WARN_UNINITIALIZED_AUTOS = YES_AGGRESSIVE;
				GCC_WARN_UNUSED_FUNCTION = YES;
				GCC_WARN_UNUSED_VARIABLE = YES;
				IPHONEOS_DEPLOYMENT_TARGET = 9.3;
				MTL_ENABLE_DEBUG_INFO = NO;
				SDKROOT = iphoneos;
				VALIDATE_PRODUCT = YES;
			};
			name = Release;
		};
		A4EDF1911D4342BF003FA655 /* Debug */ = {
			isa = XCBuildConfiguration;
			baseConfigurationReference = 3B7E491D2D43BA4FEFABD4D4 /* Pods-XYB.debug.xcconfig */;
			buildSettings = {
				ASSETCATALOG_COMPILER_APPICON_NAME = AppIcon;
				GCC_PRECOMPILE_PREFIX_HEADER = YES;
				GCC_PREFIX_HEADER = XYB/PrefixHeader.pch;
				INFOPLIST_FILE = XYB/Info.plist;
				LD_RUNPATH_SEARCH_PATHS = "$(inherited) @executable_path/Frameworks";
				OTHER_LDFLAGS = "-ObjC";
				PRODUCT_BUNDLE_IDENTIFIER = cn.edu.jlnu.web.XYB;
				PRODUCT_NAME = "$(TARGET_NAME)";
			};
			name = Debug;
		};
		A4EDF1921D4342BF003FA655 /* Release */ = {
			isa = XCBuildConfiguration;
			baseConfigurationReference = D827E12E67A752E0C680E2EE /* Pods-XYB.release.xcconfig */;
			buildSettings = {
				ASSETCATALOG_COMPILER_APPICON_NAME = AppIcon;
				GCC_PRECOMPILE_PREFIX_HEADER = YES;
				GCC_PREFIX_HEADER = XYB/PrefixHeader.pch;
				INFOPLIST_FILE = XYB/Info.plist;
				LD_RUNPATH_SEARCH_PATHS = "$(inherited) @executable_path/Frameworks";
				OTHER_LDFLAGS = "-ObjC";
				PRODUCT_BUNDLE_IDENTIFIER = cn.edu.jlnu.web.XYB;
				PRODUCT_NAME = "$(TARGET_NAME)";
			};
			name = Release;
		};
		A4EDF1941D4342BF003FA655 /* Debug */ = {
			isa = XCBuildConfiguration;
			buildSettings = {
				BUNDLE_LOADER = "$(TEST_HOST)";
				INFOPLIST_FILE = XYBTests/Info.plist;
				LD_RUNPATH_SEARCH_PATHS = "$(inherited) @executable_path/Frameworks @loader_path/Frameworks";
				PRODUCT_BUNDLE_IDENTIFIER = cn.edu.jlnu.web.XYBTests;
				PRODUCT_NAME = "$(TARGET_NAME)";
				TEST_HOST = "$(BUILT_PRODUCTS_DIR)/XYB.app/XYB";
			};
			name = Debug;
		};
		A4EDF1951D4342BF003FA655 /* Release */ = {
			isa = XCBuildConfiguration;
			buildSettings = {
				BUNDLE_LOADER = "$(TEST_HOST)";
				INFOPLIST_FILE = XYBTests/Info.plist;
				LD_RUNPATH_SEARCH_PATHS = "$(inherited) @executable_path/Frameworks @loader_path/Frameworks";
				PRODUCT_BUNDLE_IDENTIFIER = cn.edu.jlnu.web.XYBTests;
				PRODUCT_NAME = "$(TARGET_NAME)";
				TEST_HOST = "$(BUILT_PRODUCTS_DIR)/XYB.app/XYB";
			};
			name = Release;
		};
		A4EDF1971D4342BF003FA655 /* Debug */ = {
			isa = XCBuildConfiguration;
			buildSettings = {
				INFOPLIST_FILE = XYBUITests/Info.plist;
				LD_RUNPATH_SEARCH_PATHS = "$(inherited) @executable_path/Frameworks @loader_path/Frameworks";
				PRODUCT_BUNDLE_IDENTIFIER = cn.edu.jlnu.web.XYBUITests;
				PRODUCT_NAME = "$(TARGET_NAME)";
				TEST_TARGET_NAME = XYB;
			};
			name = Debug;
		};
		A4EDF1981D4342BF003FA655 /* Release */ = {
			isa = XCBuildConfiguration;
			buildSettings = {
				INFOPLIST_FILE = XYBUITests/Info.plist;
				LD_RUNPATH_SEARCH_PATHS = "$(inherited) @executable_path/Frameworks @loader_path/Frameworks";
				PRODUCT_BUNDLE_IDENTIFIER = cn.edu.jlnu.web.XYBUITests;
				PRODUCT_NAME = "$(TARGET_NAME)";
				TEST_TARGET_NAME = XYB;
			};
			name = Release;
		};
/* End XCBuildConfiguration section */

/* Begin XCConfigurationList section */
		A4EDF15E1D4342BF003FA655 /* Build configuration list for PBXProject "XYB" */ = {
			isa = XCConfigurationList;
			buildConfigurations = (
				A4EDF18E1D4342BF003FA655 /* Debug */,
				A4EDF18F1D4342BF003FA655 /* Release */,
			);
			defaultConfigurationIsVisible = 0;
			defaultConfigurationName = Release;
		};
		A4EDF1901D4342BF003FA655 /* Build configuration list for PBXNativeTarget "XYB" */ = {
			isa = XCConfigurationList;
			buildConfigurations = (
				A4EDF1911D4342BF003FA655 /* Debug */,
				A4EDF1921D4342BF003FA655 /* Release */,
			);
			defaultConfigurationIsVisible = 0;
			defaultConfigurationName = Release;
		};
		A4EDF1931D4342BF003FA655 /* Build configuration list for PBXNativeTarget "XYBTests" */ = {
			isa = XCConfigurationList;
			buildConfigurations = (
				A4EDF1941D4342BF003FA655 /* Debug */,
				A4EDF1951D4342BF003FA655 /* Release */,
			);
			defaultConfigurationIsVisible = 0;
			defaultConfigurationName = Release;
		};
		A4EDF1961D4342BF003FA655 /* Build configuration list for PBXNativeTarget "XYBUITests" */ = {
			isa = XCConfigurationList;
			buildConfigurations = (
				A4EDF1971D4342BF003FA655 /* Debug */,
				A4EDF1981D4342BF003FA655 /* Release */,
			);
			defaultConfigurationIsVisible = 0;
			defaultConfigurationName = Release;
		};
/* End XCConfigurationList section */
	};
	rootObject = A4EDF15B1D4342BF003FA655 /* Project object */;
}
